// !$*UTF8*$!
{
	archiveVersion = 1;
	classes = {
	};
	objectVersion = 46;
	objects = {

/* Begin PBXBuildFile section */
		CB13C6CD1BBCEDDE00F8B165 /* note1.caf in Resources */ = {isa = PBXBuildFile; fileRef = CB13C6CC1BBCEDDE00F8B165 /* note1.caf */; };
		CB13C6CF1BBCF00700F8B165 /* note2.caf in Resources */ = {isa = PBXBuildFile; fileRef = CB13C6CE1BBCF00700F8B165 /* note2.caf */; };
		CB13C6D61BBCF0F600F8B165 /* note3.caf in Resources */ = {isa = PBXBuildFile; fileRef = CB13C6D01BBCF0F600F8B165 /* note3.caf */; };
		CB13C6D71BBCF0F600F8B165 /* note4.caf in Resources */ = {isa = PBXBuildFile; fileRef = CB13C6D11BBCF0F600F8B165 /* note4.caf */; };
		CB13C6D81BBCF0F600F8B165 /* note5.caf in Resources */ = {isa = PBXBuildFile; fileRef = CB13C6D21BBCF0F600F8B165 /* note5.caf */; };
		CB13C6D91BBCF0F600F8B165 /* note6.caf in Resources */ = {isa = PBXBuildFile; fileRef = CB13C6D31BBCF0F600F8B165 /* note6.caf */; };
		CB13C6DA1BBCF0F600F8B165 /* note7.caf in Resources */ = {isa = PBXBuildFile; fileRef = CB13C6D41BBCF0F600F8B165 /* note7.caf */; };
		CB13C6DB1BBCF0F600F8B165 /* note8.caf in Resources */ = {isa = PBXBuildFile; fileRef = CB13C6D51BBCF0F600F8B165 /* note8.caf */; };
		CB13C6E41BBCFA0400F8B165 /* buzz1.caf in Resources */ = {isa = PBXBuildFile; fileRef = CB13C6DC1BBCFA0400F8B165 /* buzz1.caf */; };
		CB13C6E51BBCFA0400F8B165 /* buzz2.caf in Resources */ = {isa = PBXBuildFile; fileRef = CB13C6DD1BBCFA0400F8B165 /* buzz2.caf */; };
		CB13C6E61BBCFA0400F8B165 /* buzz3.caf in Resources */ = {isa = PBXBuildFile; fileRef = CB13C6DE1BBCFA0400F8B165 /* buzz3.caf */; };
		CB13C6E71BBCFA0400F8B165 /* buzz4.caf in Resources */ = {isa = PBXBuildFile; fileRef = CB13C6DF1BBCFA0400F8B165 /* buzz4.caf */; };
		CB13C6E81BBCFA0400F8B165 /* buzz5.caf in Resources */ = {isa = PBXBuildFile; fileRef = CB13C6E01BBCFA0400F8B165 /* buzz5.caf */; };
		CB13C6E91BBCFA0400F8B165 /* buzz6.caf in Resources */ = {isa = PBXBuildFile; fileRef = CB13C6E11BBCFA0400F8B165 /* buzz6.caf */; };
		CB13C6EA1BBCFA0400F8B165 /* buzz7.caf in Resources */ = {isa = PBXBuildFile; fileRef = CB13C6E21BBCFA0400F8B165 /* buzz7.caf */; };
		CB13C6EB1BBCFA0400F8B165 /* buzz8.caf in Resources */ = {isa = PBXBuildFile; fileRef = CB13C6E31BBCFA0400F8B165 /* buzz8.caf */; };
		CB13C6F71BBD02E100F8B165 /* cat1.caf in Resources */ = {isa = PBXBuildFile; fileRef = CB13C6EF1BBD02E100F8B165 /* cat1.caf */; };
		CB13C6F81BBD02E100F8B165 /* cat2.caf in Resources */ = {isa = PBXBuildFile; fileRef = CB13C6F01BBD02E100F8B165 /* cat2.caf */; };
		CB13C6F91BBD02E100F8B165 /* cat3.caf in Resources */ = {isa = PBXBuildFile; fileRef = CB13C6F11BBD02E100F8B165 /* cat3.caf */; };
		CB13C6FA1BBD02E100F8B165 /* cat4.caf in Resources */ = {isa = PBXBuildFile; fileRef = CB13C6F21BBD02E100F8B165 /* cat4.caf */; };
		CB13C6FB1BBD02E100F8B165 /* cat5.caf in Resources */ = {isa = PBXBuildFile; fileRef = CB13C6F31BBD02E100F8B165 /* cat5.caf */; };
		CB13C6FC1BBD02E100F8B165 /* cat6.caf in Resources */ = {isa = PBXBuildFile; fileRef = CB13C6F41BBD02E100F8B165 /* cat6.caf */; };
		CB13C6FD1BBD02E100F8B165 /* cat7.caf in Resources */ = {isa = PBXBuildFile; fileRef = CB13C6F51BBD02E100F8B165 /* cat7.caf */; };
		CB13C6FE1BBD02E100F8B165 /* cat8.caf in Resources */ = {isa = PBXBuildFile; fileRef = CB13C6F61BBD02E100F8B165 /* cat8.caf */; };
		CB8723281BBAE2B20083369B /* AppDelegate.swift in Sources */ = {isa = PBXBuildFile; fileRef = CB8723271BBAE2B20083369B /* AppDelegate.swift */; };
		CB87232A1BBAE2B20083369B /* ViewController.swift in Sources */ = {isa = PBXBuildFile; fileRef = CB8723291BBAE2B20083369B /* ViewController.swift */; };
		CB87232D1BBAE2B20083369B /* Main.storyboard in Resources */ = {isa = PBXBuildFile; fileRef = CB87232B1BBAE2B20083369B /* Main.storyboard */; };
		CB87232F1BBAE2B20083369B /* Images.xcassets in Resources */ = {isa = PBXBuildFile; fileRef = CB87232E1BBAE2B20083369B /* Images.xcassets */; };
		CB8723321BBAE2B20083369B /* LaunchScreen.xib in Resources */ = {isa = PBXBuildFile; fileRef = CB8723301BBAE2B20083369B /* LaunchScreen.xib */; };
		CB87233E1BBAE2B20083369B /* Noisey_ButtonTests.swift in Sources */ = {isa = PBXBuildFile; fileRef = CB87233D1BBAE2B20083369B /* Noisey_ButtonTests.swift */; };
/* End PBXBuildFile section */

/* Begin PBXContainerItemProxy section */
		CB8723381BBAE2B20083369B /* PBXContainerItemProxy */ = {
			isa = PBXContainerItemProxy;
			containerPortal = CB87231A1BBAE2B20083369B /* Project object */;
			proxyType = 1;
			remoteGlobalIDString = CB8723211BBAE2B20083369B;
			remoteInfo = "Noisey Button";
		};
/* End PBXContainerItemProxy section */

/* Begin PBXFileReference section */
		CB13C6CC1BBCEDDE00F8B165 /* note1.caf */ = {isa = PBXFileReference; lastKnownFileType = file; path = note1.caf; sourceTree = "<group>"; };
		CB13C6CE1BBCF00700F8B165 /* note2.caf */ = {isa = PBXFileReference; lastKnownFileType = file; path = note2.caf; sourceTree = "<group>"; };
		CB13C6D01BBCF0F600F8B165 /* note3.caf */ = {isa = PBXFileReference; lastKnownFileType = file; path = note3.caf; sourceTree = "<group>"; };
		CB13C6D11BBCF0F600F8B165 /* note4.caf */ = {isa = PBXFileReference; lastKnownFileType = file; path = note4.caf; sourceTree = "<group>"; };
		CB13C6D21BBCF0F600F8B165 /* note5.caf */ = {isa = PBXFileReference; lastKnownFileType = file; path = note5.caf; sourceTree = "<group>"; };
		CB13C6D31BBCF0F600F8B165 /* note6.caf */ = {isa = PBXFileReference; lastKnownFileType = file; path = note6.caf; sourceTree = "<group>"; };
		CB13C6D41BBCF0F600F8B165 /* note7.caf */ = {isa = PBXFileReference; lastKnownFileType = file; path = note7.caf; sourceTree = "<group>"; };
		CB13C6D51BBCF0F600F8B165 /* note8.caf */ = {isa = PBXFileReference; lastKnownFileType = file; path = note8.caf; sourceTree = "<group>"; };
		CB13C6DC1BBCFA0400F8B165 /* buzz1.caf */ = {isa = PBXFileReference; lastKnownFileType = file; path = buzz1.caf; sourceTree = "<group>"; };
		CB13C6DD1BBCFA0400F8B165 /* buzz2.caf */ = {isa = PBXFileReference; lastKnownFileType = file; path = buzz2.caf; sourceTree = "<group>"; };
		CB13C6DE1BBCFA0400F8B165 /* buzz3.caf */ = {isa = PBXFileReference; lastKnownFileType = file; path = buzz3.caf; sourceTree = "<group>"; };
		CB13C6DF1BBCFA0400F8B165 /* buzz4.caf */ = {isa = PBXFileReference; lastKnownFileType = file; path = buzz4.caf; sourceTree = "<group>"; };
		CB13C6E01BBCFA0400F8B165 /* buzz5.caf */ = {isa = PBXFileReference; lastKnownFileType = file; path = buzz5.caf; sourceTree = "<group>"; };
		CB13C6E11BBCFA0400F8B165 /* buzz6.caf */ = {isa = PBXFileReference; lastKnownFileType = file; path = buzz6.caf; sourceTree = "<group>"; };
		CB13C6E21BBCFA0400F8B165 /* buzz7.caf */ = {isa = PBXFileReference; lastKnownFileType = file; path = buzz7.caf; sourceTree = "<group>"; };
		CB13C6E31BBCFA0400F8B165 /* buzz8.caf */ = {isa = PBXFileReference; lastKnownFileType = file; path = buzz8.caf; sourceTree = "<group>"; };
		CB13C6EF1BBD02E100F8B165 /* cat1.caf */ = {isa = PBXFileReference; lastKnownFileType = file; path = cat1.caf; sourceTree = "<group>"; };
		CB13C6F01BBD02E100F8B165 /* cat2.caf */ = {isa = PBXFileReference; lastKnownFileType = file; path = cat2.caf; sourceTree = "<group>"; };
		CB13C6F11BBD02E100F8B165 /* cat3.caf */ = {isa = PBXFileReference; lastKnownFileType = file; path = cat3.caf; sourceTree = "<group>"; };
		CB13C6F21BBD02E100F8B165 /* cat4.caf */ = {isa = PBXFileReference; lastKnownFileType = file; path = cat4.caf; sourceTree = "<group>"; };
		CB13C6F31BBD02E100F8B165 /* cat5.caf */ = {isa = PBXFileReference; lastKnownFileType = file; path = cat5.caf; sourceTree = "<group>"; };
		CB13C6F41BBD02E100F8B165 /* cat6.caf */ = {isa = PBXFileReference; lastKnownFileType = file; path = cat6.caf; sourceTree = "<group>"; };
		CB13C6F51BBD02E100F8B165 /* cat7.caf */ = {isa = PBXFileReference; lastKnownFileType = file; path = cat7.caf; sourceTree = "<group>"; };
		CB13C6F61BBD02E100F8B165 /* cat8.caf */ = {isa = PBXFileReference; lastKnownFileType = file; path = cat8.caf; sourceTree = "<group>"; };
		CB5348191BBAF7D400CA0C4D /* CoreAudioKit.framework */ = {isa = PBXFileReference; lastKnownFileType = wrapper.framework; name = CoreAudioKit.framework; path = System/Library/Frameworks/CoreAudioKit.framework; sourceTree = SDKROOT; };
		CB8723221BBAE2B20083369B /* Noisey Button.app */ = {isa = PBXFileReference; explicitFileType = wrapper.application; includeInIndex = 0; path = "Noisey Button.app"; sourceTree = BUILT_PRODUCTS_DIR; };
		CB8723261BBAE2B20083369B /* Info.plist */ = {isa = PBXFileReference; lastKnownFileType = text.plist.xml; path = Info.plist; sourceTree = "<group>"; };
		CB8723271BBAE2B20083369B /* AppDelegate.swift */ = {isa = PBXFileReference; lastKnownFileType = sourcecode.swift; path = AppDelegate.swift; sourceTree = "<group>"; };
		CB8723291BBAE2B20083369B /* ViewController.swift */ = {isa = PBXFileReference; lastKnownFileType = sourcecode.swift; path = ViewController.swift; sourceTree = "<group>"; };
		CB87232C1BBAE2B20083369B /* Base */ = {isa = PBXFileReference; lastKnownFileType = file.storyboard; name = Base; path = Base.lproj/Main.storyboard; sourceTree = "<group>"; };
		CB87232E1BBAE2B20083369B /* Images.xcassets */ = {isa = PBXFileReference; lastKnownFileType = folder.assetcatalog; path = Images.xcassets; sourceTree = "<group>"; };
		CB8723311BBAE2B20083369B /* Base */ = {isa = PBXFileReference; lastKnownFileType = file.xib; name = Base; path = Base.lproj/LaunchScreen.xib; sourceTree = "<group>"; };
		CB8723371BBAE2B20083369B /* Noisey ButtonTests.xctest */ = {isa = PBXFileReference; explicitFileType = wrapper.cfbundle; includeInIndex = 0; path = "Noisey ButtonTests.xctest"; sourceTree = BUILT_PRODUCTS_DIR; };
		CB87233C1BBAE2B20083369B /* Info.plist */ = {isa = PBXFileReference; lastKnownFileType = text.plist.xml; path = Info.plist; sourceTree = "<group>"; };
		CB87233D1BBAE2B20083369B /* Noisey_ButtonTests.swift */ = {isa = PBXFileReference; lastKnownFileType = sourcecode.swift; path = Noisey_ButtonTests.swift; sourceTree = "<group>"; };
/* End PBXFileReference section */

/* Begin PBXFrameworksBuildPhase section */
		CB87231F1BBAE2B20083369B /* Frameworks */ = {
			isa = PBXFrameworksBuildPhase;
			buildActionMask = 2147483647;
			files = (
			);
			runOnlyForDeploymentPostprocessing = 0;
		};
		CB8723341BBAE2B20083369B /* Frameworks */ = {
			isa = PBXFrameworksBuildPhase;
			buildActionMask = 2147483647;
			files = (
			);
			runOnlyForDeploymentPostprocessing = 0;
		};
/* End PBXFrameworksBuildPhase section */

/* Begin PBXGroup section */
		CB13C6EC1BBCFA0C00F8B165 /* Buzz */ = {
			isa = PBXGroup;
			children = (
				CB13C6DC1BBCFA0400F8B165 /* buzz1.caf */,
				CB13C6DD1BBCFA0400F8B165 /* buzz2.caf */,
				CB13C6DE1BBCFA0400F8B165 /* buzz3.caf */,
				CB13C6DF1BBCFA0400F8B165 /* buzz4.caf */,
				CB13C6E01BBCFA0400F8B165 /* buzz5.caf */,
				CB13C6E11BBCFA0400F8B165 /* buzz6.caf */,
				CB13C6E21BBCFA0400F8B165 /* buzz7.caf */,
				CB13C6E31BBCFA0400F8B165 /* buzz8.caf */,
			);
			name = Buzz;
			sourceTree = "<group>";
		};
		CB13C6ED1BBCFA1900F8B165 /* Note */ = {
			isa = PBXGroup;
			children = (
				CB13C6D01BBCF0F600F8B165 /* note3.caf */,
				CB13C6D11BBCF0F600F8B165 /* note4.caf */,
				CB13C6D21BBCF0F600F8B165 /* note5.caf */,
				CB13C6D31BBCF0F600F8B165 /* note6.caf */,
				CB13C6D41BBCF0F600F8B165 /* note7.caf */,
				CB13C6D51BBCF0F600F8B165 /* note8.caf */,
				CB13C6CE1BBCF00700F8B165 /* note2.caf */,
				CB13C6CC1BBCEDDE00F8B165 /* note1.caf */,
			);
			name = Note;
			sourceTree = "<group>";
		};
		CB13C6EE1BBCFD1100F8B165 /* Cat */ = {
			isa = PBXGroup;
			children = (
				CB13C6EF1BBD02E100F8B165 /* cat1.caf */,
				CB13C6F01BBD02E100F8B165 /* cat2.caf */,
				CB13C6F11BBD02E100F8B165 /* cat3.caf */,
				CB13C6F21BBD02E100F8B165 /* cat4.caf */,
				CB13C6F31BBD02E100F8B165 /* cat5.caf */,
				CB13C6F41BBD02E100F8B165 /* cat6.caf */,
				CB13C6F51BBD02E100F8B165 /* cat7.caf */,
				CB13C6F61BBD02E100F8B165 /* cat8.caf */,
			);
			name = Cat;
			sourceTree = "<group>";
		};
		CB8723191BBAE2B20083369B = {
			isa = PBXGroup;
			children = (
				CB5348191BBAF7D400CA0C4D /* CoreAudioKit.framework */,
				CB8723241BBAE2B20083369B /* Noisey Button */,
				CB87233A1BBAE2B20083369B /* Noisey ButtonTests */,
				CB8723231BBAE2B20083369B /* Products */,
			);
			sourceTree = "<group>";
		};
		CB8723231BBAE2B20083369B /* Products */ = {
			isa = PBXGroup;
			children = (
				CB8723221BBAE2B20083369B /* Noisey Button.app */,
				CB8723371BBAE2B20083369B /* Noisey ButtonTests.xctest */,
			);
			name = Products;
			sourceTree = "<group>";
		};
		CB8723241BBAE2B20083369B /* Noisey Button */ = {
			isa = PBXGroup;
			children = (
				CB8723271BBAE2B20083369B /* AppDelegate.swift */,
				CB8723291BBAE2B20083369B /* ViewController.swift */,
				CB87232B1BBAE2B20083369B /* Main.storyboard */,
				CB87232E1BBAE2B20083369B /* Images.xcassets */,
				CB8723301BBAE2B20083369B /* LaunchScreen.xib */,
				CB8723251BBAE2B20083369B /* Supporting Files */,
			);
			path = "Noisey Button";
			sourceTree = "<group>";
		};
		CB8723251BBAE2B20083369B /* Supporting Files */ = {
			isa = PBXGroup;
			children = (
				CB13C6EE1BBCFD1100F8B165 /* Cat */,
				CB13C6EC1BBCFA0C00F8B165 /* Buzz */,
				CB13C6ED1BBCFA1900F8B165 /* Note */,
				CB8723261BBAE2B20083369B /* Info.plist */,
			);
			name = "Supporting Files";
			sourceTree = "<group>";
		};
		CB87233A1BBAE2B20083369B /* Noisey ButtonTests */ = {
			isa = PBXGroup;
			children = (
				CB87233D1BBAE2B20083369B /* Noisey_ButtonTests.swift */,
				CB87233B1BBAE2B20083369B /* Supporting Files */,
			);
			path = "Noisey ButtonTests";
			sourceTree = "<group>";
		};
		CB87233B1BBAE2B20083369B /* Supporting Files */ = {
			isa = PBXGroup;
			children = (
				CB87233C1BBAE2B20083369B /* Info.plist */,
			);
			name = "Supporting Files";
			sourceTree = "<group>";
		};
/* End PBXGroup section */

/* Begin PBXNativeTarget section */
		CB8723211BBAE2B20083369B /* Noisey Button */ = {
			isa = PBXNativeTarget;
			buildConfigurationList = CB8723411BBAE2B20083369B /* Build configuration list for PBXNativeTarget "Noisey Button" */;
			buildPhases = (
				CB87231E1BBAE2B20083369B /* Sources */,
				CB87231F1BBAE2B20083369B /* Frameworks */,
				CB8723201BBAE2B20083369B /* Resources */,
			);
			buildRules = (
			);
			dependencies = (
			);
			name = "Noisey Button";
			productName = "Noisey Button";
			productReference = CB8723221BBAE2B20083369B /* Noisey Button.app */;
			productType = "com.apple.product-type.application";
		};
		CB8723361BBAE2B20083369B /* Noisey ButtonTests */ = {
			isa = PBXNativeTarget;
			buildConfigurationList = CB8723441BBAE2B20083369B /* Build configuration list for PBXNativeTarget "Noisey ButtonTests" */;
			buildPhases = (
				CB8723331BBAE2B20083369B /* Sources */,
				CB8723341BBAE2B20083369B /* Frameworks */,
				CB8723351BBAE2B20083369B /* Resources */,
			);
			buildRules = (
			);
			dependencies = (
				CB8723391BBAE2B20083369B /* PBXTargetDependency */,
			);
			name = "Noisey ButtonTests";
			productName = "Noisey ButtonTests";
			productReference = CB8723371BBAE2B20083369B /* Noisey ButtonTests.xctest */;
			productType = "com.apple.product-type.bundle.unit-test";
		};
/* End PBXNativeTarget section */

/* Begin PBXProject section */
		CB87231A1BBAE2B20083369B /* Project object */ = {
			isa = PBXProject;
			attributes = {
				LastUpgradeCheck = 0640;
				ORGANIZATIONNAME = "Daniel Rankin";
				TargetAttributes = {
					CB8723211BBAE2B20083369B = {
						CreatedOnToolsVersion = 6.4;
					};
					CB8723361BBAE2B20083369B = {
						CreatedOnToolsVersion = 6.4;
						TestTargetID = CB8723211BBAE2B20083369B;
					};
				};
			};
			buildConfigurationList = CB87231D1BBAE2B20083369B /* Build configuration list for PBXProject "Noisey Button" */;
			compatibilityVersion = "Xcode 3.2";
			developmentRegion = English;
			hasScannedForEncodings = 0;
			knownRegions = (
				en,
				Base,
			);
			mainGroup = CB8723191BBAE2B20083369B;
			productRefGroup = CB8723231BBAE2B20083369B /* Products */;
			projectDirPath = "";
			projectRoot = "";
			targets = (
				CB8723211BBAE2B20083369B /* Noisey Button */,
				CB8723361BBAE2B20083369B /* Noisey ButtonTests */,
			);
		};
/* End PBXProject section */

/* Begin PBXResourcesBuildPhase section */
		CB8723201BBAE2B20083369B /* Resources */ = {
			isa = PBXResourcesBuildPhase;
			buildActionMask = 2147483647;
			files = (
				CB13C6FE1BBD02E100F8B165 /* cat8.caf in Resources */,
				CB13C6D91BBCF0F600F8B165 /* note6.caf in Resources */,
				CB13C6F91BBD02E100F8B165 /* cat3.caf in Resources */,
				CB13C6E81BBCFA0400F8B165 /* buzz5.caf in Resources */,
				CB13C6DB1BBCF0F600F8B165 /* note8.caf in Resources */,
				CB13C6E71BBCFA0400F8B165 /* buzz4.caf in Resources */,
				CB13C6D61BBCF0F600F8B165 /* note3.caf in Resources */,
				CB13C6CD1BBCEDDE00F8B165 /* note1.caf in Resources */,
				CB87232D1BBAE2B20083369B /* Main.storyboard in Resources */,
				CB13C6E61BBCFA0400F8B165 /* buzz3.caf in Resources */,
				CB13C6FD1BBD02E100F8B165 /* cat7.caf in Resources */,
				CB13C6E91BBCFA0400F8B165 /* buzz6.caf in Resources */,
				CB13C6E41BBCFA0400F8B165 /* buzz1.caf in Resources */,
				CB8723321BBAE2B20083369B /* LaunchScreen.xib in Resources */,
				CB13C6EA1BBCFA0400F8B165 /* buzz7.caf in Resources */,
				CB13C6F81BBD02E100F8B165 /* cat2.caf in Resources */,
				CB13C6E51BBCFA0400F8B165 /* buzz2.caf in Resources */,
				CB13C6F71BBD02E100F8B165 /* cat1.caf in Resources */,
				CB13C6EB1BBCFA0400F8B165 /* buzz8.caf in Resources */,
				CB13C6D81BBCF0F600F8B165 /* note5.caf in Resources */,
				CB13C6FA1BBD02E100F8B165 /* cat4.caf in Resources */,
				CB13C6CF1BBCF00700F8B165 /* note2.caf in Resources */,
				CB87232F1BBAE2B20083369B /* Images.xcassets in Resources */,
				CB13C6FB1BBD02E100F8B165 /* cat5.caf in Resources */,
				CB13C6DA1BBCF0F600F8B165 /* note7.caf in Resources */,
				CB13C6FC1BBD02E100F8B165 /* cat6.caf in Resources */,
				CB13C6D71BBCF0F600F8B165 /* note4.caf in Resources */,
			);
			runOnlyForDeploymentPostprocessing = 0;
		};
		CB8723351BBAE2B20083369B /* Resources */ = {
			isa = PBXResourcesBuildPhase;
			buildActionMask = 2147483647;
			files = (
			);
			runOnlyForDeploymentPostprocessing = 0;
		};
/* End PBXResourcesBuildPhase section */

/* Begin PBXSourcesBuildPhase section */
		CB87231E1BBAE2B20083369B /* Sources */ = {
			isa = PBXSourcesBuildPhase;
			buildActionMask = 2147483647;
			files = (
				CB87232A1BBAE2B20083369B /* ViewController.swift in Sources */,
				CB8723281BBAE2B20083369B /* AppDelegate.swift in Sources */,
			);
			runOnlyForDeploymentPostprocessing = 0;
		};
		CB8723331BBAE2B20083369B /* Sources */ = {
			isa = PBXSourcesBuildPhase;
			buildActionMask = 2147483647;
			files = (
				CB87233E1BBAE2B20083369B /* Noisey_ButtonTests.swift in Sources */,
			);
			runOnlyForDeploymentPostprocessing = 0;
		};
/* End PBXSourcesBuildPhase section */

/* Begin PBXTargetDependency section */
		CB8723391BBAE2B20083369B /* PBXTargetDependency */ = {
			isa = PBXTargetDependency;
			target = CB8723211BBAE2B20083369B /* Noisey Button */;
			targetProxy = CB8723381BBAE2B20083369B /* PBXContainerItemProxy */;
		};
/* End PBXTargetDependency section */

/* Begin PBXVariantGroup section */
		CB87232B1BBAE2B20083369B /* Main.storyboard */ = {
			isa = PBXVariantGroup;
			children = (
				CB87232C1BBAE2B20083369B /* Base */,
			);
			name = Main.storyboard;
			sourceTree = "<group>";
		};
		CB8723301BBAE2B20083369B /* LaunchScreen.xib */ = {
			isa = PBXVariantGroup;
			children = (
				CB8723311BBAE2B20083369B /* Base */,
			);
			name = LaunchScreen.xib;
			sourceTree = "<group>";
		};
/* End PBXVariantGroup section */

/* Begin XCBuildConfiguration section */
		CB87233F1BBAE2B20083369B /* Debug */ = {
			isa = XCBuildConfiguration;
			buildSettings = {
				ALWAYS_SEARCH_USER_PATHS = NO;
				CLANG_CXX_LANGUAGE_STANDARD = "gnu++0x";
				CLANG_CXX_LIBRARY = "libc++";
				CLANG_ENABLE_MODULES = YES;
				CLANG_ENABLE_OBJC_ARC = YES;
				CLANG_WARN_BOOL_CONVERSION = YES;
				CLANG_WARN_CONSTANT_CONVERSION = YES;
				CLANG_WARN_DIRECT_OBJC_ISA_USAGE = YES_ERROR;
				CLANG_WARN_EMPTY_BODY = YES;
				CLANG_WARN_ENUM_CONVERSION = YES;
				CLANG_WARN_INT_CONVERSION = YES;
				CLANG_WARN_OBJC_ROOT_CLASS = YES_ERROR;
				CLANG_WARN_UNREACHABLE_CODE = YES;
				CLANG_WARN__DUPLICATE_METHOD_MATCH = YES;
				"CODE_SIGN_IDENTITY[sdk=iphoneos*]" = "iPhone Developer";
				COPY_PHASE_STRIP = NO;
				DEBUG_INFORMATION_FORMAT = "dwarf-with-dsym";
				ENABLE_STRICT_OBJC_MSGSEND = YES;
				GCC_C_LANGUAGE_STANDARD = gnu99;
				GCC_DYNAMIC_NO_PIC = NO;
				GCC_NO_COMMON_BLOCKS = YES;
				GCC_OPTIMIZATION_LEVEL = 0;
				GCC_PREPROCESSOR_DEFINITIONS = (
					"DEBUG=1",
					"$(inherited)",
				);
				GCC_SYMBOLS_PRIVATE_EXTERN = NO;
				GCC_WARN_64_TO_32_BIT_CONVERSION = YES;
				GCC_WARN_ABOUT_RETURN_TYPE = YES_ERROR;
				GCC_WARN_UNDECLARED_SELECTOR = YES;
				GCC_WARN_UNINITIALIZED_AUTOS = YES_AGGRESSIVE;
				GCC_WARN_UNUSED_FUNCTION = YES;
				GCC_WARN_UNUSED_VARIABLE = YES;
				IPHONEOS_DEPLOYMENT_TARGET = 8.4;
				MTL_ENABLE_DEBUG_INFO = YES;
				ONLY_ACTIVE_ARCH = YES;
				SDKROOT = iphoneos;
				SWIFT_OPTIMIZATION_LEVEL = "-Onone";
				TARGETED_DEVICE_FAMILY = "1,2";
			};
			name = Debug;
		};
		CB8723401BBAE2B20083369B /* Release */ = {
			isa = XCBuildConfiguration;
			buildSettings = {
				ALWAYS_SEARCH_USER_PATHS = NO;
				CLANG_CXX_LANGUAGE_STANDARD = "gnu++0x";
				CLANG_CXX_LIBRARY = "libc++";
				CLANG_ENABLE_MODULES = YES;
				CLANG_ENABLE_OBJC_ARC = YES;
				CLANG_WARN_BOOL_CONVERSION = YES;
				CLANG_WARN_CONSTANT_CONVERSION = YES;
				CLANG_WARN_DIRECT_OBJC_ISA_USAGE = YES_ERROR;
				CLANG_WARN_EMPTY_BODY = YES;
				CLANG_WARN_ENUM_CONVERSION = YES;
				CLANG_WARN_INT_CONVERSION = YES;
				CLANG_WARN_OBJC_ROOT_CLASS = YES_ERROR;
				CLANG_WARN_UNREACHABLE_CODE = YES;
				CLANG_WARN__DUPLICATE_METHOD_MATCH = YES;
				"CODE_SIGN_IDENTITY[sdk=iphoneos*]" = "iPhone Developer";
				COPY_PHASE_STRIP = NO;
				DEBUG_INFORMATION_FORMAT = "dwarf-with-dsym";
				ENABLE_NS_ASSERTIONS = NO;
				ENABLE_STRICT_OBJC_MSGSEND = YES;
				GCC_C_LANGUAGE_STANDARD = gnu99;
				GCC_NO_COMMON_BLOCKS = YES;
				GCC_WARN_64_TO_32_BIT_CONVERSION = YES;
				GCC_WARN_ABOUT_RETURN_TYPE = YES_ERROR;
				GCC_WARN_UNDECLARED_SELECTOR = YES;
				GCC_WARN_UNINITIALIZED_AUTOS = YES_AGGRESSIVE;
				GCC_WARN_UNUSED_FUNCTION = YES;
				GCC_WARN_UNUSED_VARIABLE = YES;
				IPHONEOS_DEPLOYMENT_TARGET = 8.4;
				MTL_ENABLE_DEBUG_INFO = NO;
				SDKROOT = iphoneos;
				TARGETED_DEVICE_FAMILY = "1,2";
				VALIDATE_PRODUCT = YES;
			};
			name = Release;
		};
		CB8723421BBAE2B20083369B /* Debug */ = {
			isa = XCBuildConfiguration;
			buildSettings = {
				ASSETCATALOG_COMPILER_APPICON_NAME = AppIcon;
				INFOPLIST_FILE = "Noisey Button/Info.plist";
				LD_RUNPATH_SEARCH_PATHS = "$(inherited) @executable_path/Frameworks";
				PRODUCT_NAME = "$(TARGET_NAME)";
			};
			name = Debug;
		};
		CB8723431BBAE2B20083369B /* Release */ = {
			isa = XCBuildConfiguration;
			buildSettings = {
				ASSETCATALOG_COMPILER_APPICON_NAME = AppIcon;
				INFOPLIST_FILE = "Noisey Button/Info.plist";
				LD_RUNPATH_SEARCH_PATHS = "$(inherited) @executable_path/Frameworks";
				PRODUCT_NAME = "$(TARGET_NAME)";
			};
			name = Release;
		};
		CB8723451BBAE2B20083369B /* Debug */ = {
			isa = XCBuildConfiguration;
			buildSettings = {
				BUNDLE_LOADER = "$(TEST_HOST)";
				FRAMEWORK_SEARCH_PATHS = (
					"$(SDKROOT)/Developer/Library/Frameworks",
					"$(inherited)",
				);
				GCC_PREPROCESSOR_DEFINITIONS = (
					"DEBUG=1",
					"$(inherited)",
				);
				INFOPLIST_FILE = "Noisey ButtonTests/Info.plist";
				LD_RUNPATH_SEARCH_PATHS = "$(inherited) @executable_path/Frameworks @loader_path/Frameworks";
				PRODUCT_NAME = "$(TARGET_NAME)";
				TEST_HOST = "$(BUILT_PRODUCTS_DIR)/Noisey Button.app/Noisey Button";
			};
			name = Debug;
		};
		CB8723461BBAE2B20083369B /* Release */ = {
			isa = XCBuildConfiguration;
			buildSettings = {
				BUNDLE_LOADER = "$(TEST_HOST)";
				FRAMEWORK_SEARCH_PATHS = (
					"$(SDKROOT)/Developer/Library/Frameworks",
					"$(inherited)",
				);
				INFOPLIST_FILE = "Noisey ButtonTests/Info.plist";
				LD_RUNPATH_SEARCH_PATHS = "$(inherited) @executable_path/Frameworks @loader_path/Frameworks";
				PRODUCT_NAME = "$(TARGET_NAME)";
				TEST_HOST = "$(BUILT_PRODUCTS_DIR)/Noisey Button.app/Noisey Button";
			};
			name = Release;
		};
/* End XCBuildConfiguration section */

/* Begin XCConfigurationList section */
		CB87231D1BBAE2B20083369B /* Build configuration list for PBXProject "Noisey Button" */ = {
			isa = XCConfigurationList;
			buildConfigurations = (
				CB87233F1BBAE2B20083369B /* Debug */,
				CB8723401BBAE2B20083369B /* Release */,
			);
			defaultConfigurationIsVisible = 0;
			defaultConfigurationName = Release;
		};
		CB8723411BBAE2B20083369B /* Build configuration list for PBXNativeTarget "Noisey Button" */ = {
			isa = XCConfigurationList;
			buildConfigurations = (
				CB8723421BBAE2B20083369B /* Debug */,
				CB8723431BBAE2B20083369B /* Release */,
			);
			defaultConfigurationIsVisible = 0;
			defaultConfigurationName = Release;
		};
		CB8723441BBAE2B20083369B /* Build configuration list for PBXNativeTarget "Noisey ButtonTests" */ = {
			isa = XCConfigurationList;
			buildConfigurations = (
				CB8723451BBAE2B20083369B /* Debug */,
				CB8723461BBAE2B20083369B /* Release */,
			);
			defaultConfigurationIsVisible = 0;
			defaultConfigurationName = Release;
		};
/* End XCConfigurationList section */
	};
	rootObject = CB87231A1BBAE2B20083369B /* Project object */;
}
