// !$*UTF8*$!
{
	archiveVersion = 1;
	classes = {
	};
	objectVersion = 46;
	objects = {

/* Begin PBXBuildFile section */
		CB71C4AB1BCD5CB600833C87 /* AppDelegate.swift in Sources */ = {isa = PBXBuildFile; fileRef = CB71C4AA1BCD5CB600833C87 /* AppDelegate.swift */; };
		CB71C4AD1BCD5CB600833C87 /* ViewController.swift in Sources */ = {isa = PBXBuildFile; fileRef = CB71C4AC1BCD5CB600833C87 /* ViewController.swift */; };
		CB71C4B01BCD5CB600833C87 /* Main.storyboard in Resources */ = {isa = PBXBuildFile; fileRef = CB71C4AE1BCD5CB600833C87 /* Main.storyboard */; };
		CB71C4B21BCD5CB600833C87 /* Images.xcassets in Resources */ = {isa = PBXBuildFile; fileRef = CB71C4B11BCD5CB600833C87 /* Images.xcassets */; };
		CB71C4B51BCD5CB600833C87 /* LaunchScreen.xib in Resources */ = {isa = PBXBuildFile; fileRef = CB71C4B31BCD5CB600833C87 /* LaunchScreen.xib */; };
		CB71C4C11BCD5CB600833C87 /* Lab6Tests.swift in Sources */ = {isa = PBXBuildFile; fileRef = CB71C4C01BCD5CB600833C87 /* Lab6Tests.swift */; };
		CB71C4CB1BCD6CAB00833C87 /* sound2.caf in Resources */ = {isa = PBXBuildFile; fileRef = CB71C4CA1BCD6CAB00833C87 /* sound2.caf */; };
		CB71C4CC1BCD6CAB00833C87 /* sound2.caf in Resources */ = {isa = PBXBuildFile; fileRef = CB71C4CA1BCD6CAB00833C87 /* sound2.caf */; };
		CB71C4CE1BCD86DD00833C87 /* sound1.caf in Resources */ = {isa = PBXBuildFile; fileRef = CB71C4CD1BCD86DD00833C87 /* sound1.caf */; };
		CB71C4CF1BCD86DD00833C87 /* sound1.caf in Resources */ = {isa = PBXBuildFile; fileRef = CB71C4CD1BCD86DD00833C87 /* sound1.caf */; };
/* End PBXBuildFile section */

/* Begin PBXContainerItemProxy section */
		CB71C4BB1BCD5CB600833C87 /* PBXContainerItemProxy */ = {
			isa = PBXContainerItemProxy;
			containerPortal = CB71C49D1BCD5CB600833C87 /* Project object */;
			proxyType = 1;
			remoteGlobalIDString = CB71C4A41BCD5CB600833C87;
			remoteInfo = Lab6;
		};
/* End PBXContainerItemProxy section */

/* Begin PBXFileReference section */
		CB71C4A51BCD5CB600833C87 /* Lab6.app */ = {isa = PBXFileReference; explicitFileType = wrapper.application; includeInIndex = 0; path = Lab6.app; sourceTree = BUILT_PRODUCTS_DIR; };
		CB71C4A91BCD5CB600833C87 /* Info.plist */ = {isa = PBXFileReference; lastKnownFileType = text.plist.xml; path = Info.plist; sourceTree = "<group>"; };
		CB71C4AA1BCD5CB600833C87 /* AppDelegate.swift */ = {isa = PBXFileReference; lastKnownFileType = sourcecode.swift; path = AppDelegate.swift; sourceTree = "<group>"; };
		CB71C4AC1BCD5CB600833C87 /* ViewController.swift */ = {isa = PBXFileReference; lastKnownFileType = sourcecode.swift; path = ViewController.swift; sourceTree = "<group>"; };
		CB71C4AF1BCD5CB600833C87 /* Base */ = {isa = PBXFileReference; lastKnownFileType = file.storyboard; name = Base; path = Base.lproj/Main.storyboard; sourceTree = "<group>"; };
		CB71C4B11BCD5CB600833C87 /* Images.xcassets */ = {isa = PBXFileReference; lastKnownFileType = folder.assetcatalog; path = Images.xcassets; sourceTree = "<group>"; };
		CB71C4B41BCD5CB600833C87 /* Base */ = {isa = PBXFileReference; lastKnownFileType = file.xib; name = Base; path = Base.lproj/LaunchScreen.xib; sourceTree = "<group>"; };
		CB71C4BA1BCD5CB600833C87 /* Lab6Tests.xctest */ = {isa = PBXFileReference; explicitFileType = wrapper.cfbundle; includeInIndex = 0; path = Lab6Tests.xctest; sourceTree = BUILT_PRODUCTS_DIR; };
		CB71C4BF1BCD5CB600833C87 /* Info.plist */ = {isa = PBXFileReference; lastKnownFileType = text.plist.xml; path = Info.plist; sourceTree = "<group>"; };
		CB71C4C01BCD5CB600833C87 /* Lab6Tests.swift */ = {isa = PBXFileReference; lastKnownFileType = sourcecode.swift; path = Lab6Tests.swift; sourceTree = "<group>"; };
		CB71C4CA1BCD6CAB00833C87 /* sound2.caf */ = {isa = PBXFileReference; lastKnownFileType = file; path = sound2.caf; sourceTree = "<group>"; };
		CB71C4CD1BCD86DD00833C87 /* sound1.caf */ = {isa = PBXFileReference; lastKnownFileType = file; path = sound1.caf; sourceTree = "<group>"; };
/* End PBXFileReference section */

/* Begin PBXFrameworksBuildPhase section */
		CB71C4A21BCD5CB600833C87 /* Frameworks */ = {
			isa = PBXFrameworksBuildPhase;
			buildActionMask = 2147483647;
			files = (
			);
			runOnlyForDeploymentPostprocessing = 0;
		};
		CB71C4B71BCD5CB600833C87 /* Frameworks */ = {
			isa = PBXFrameworksBuildPhase;
			buildActionMask = 2147483647;
			files = (
			);
			runOnlyForDeploymentPostprocessing = 0;
		};
/* End PBXFrameworksBuildPhase section */

/* Begin PBXGroup section */
		CB71C49C1BCD5CB600833C87 = {
			isa = PBXGroup;
			children = (
				CB71C4A71BCD5CB600833C87 /* Lab6 */,
				CB71C4BD1BCD5CB600833C87 /* Lab6Tests */,
				CB71C4A61BCD5CB600833C87 /* Products */,
			);
			sourceTree = "<group>";
		};
		CB71C4A61BCD5CB600833C87 /* Products */ = {
			isa = PBXGroup;
			children = (
				CB71C4A51BCD5CB600833C87 /* Lab6.app */,
				CB71C4BA1BCD5CB600833C87 /* Lab6Tests.xctest */,
			);
			name = Products;
			sourceTree = "<group>";
		};
		CB71C4A71BCD5CB600833C87 /* Lab6 */ = {
			isa = PBXGroup;
			children = (
				CB71C4AA1BCD5CB600833C87 /* AppDelegate.swift */,
				CB71C4AC1BCD5CB600833C87 /* ViewController.swift */,
				CB71C4AE1BCD5CB600833C87 /* Main.storyboard */,
				CB71C4B11BCD5CB600833C87 /* Images.xcassets */,
				CB71C4CD1BCD86DD00833C87 /* sound1.caf */,
				CB71C4CA1BCD6CAB00833C87 /* sound2.caf */,
				CB71C4B31BCD5CB600833C87 /* LaunchScreen.xib */,
				CB71C4A81BCD5CB600833C87 /* Supporting Files */,
			);
			path = Lab6;
			sourceTree = "<group>";
		};
		CB71C4A81BCD5CB600833C87 /* Supporting Files */ = {
			isa = PBXGroup;
			children = (
				CB71C4A91BCD5CB600833C87 /* Info.plist */,
			);
			name = "Supporting Files";
			sourceTree = "<group>";
		};
		CB71C4BD1BCD5CB600833C87 /* Lab6Tests */ = {
			isa = PBXGroup;
			children = (
				CB71C4C01BCD5CB600833C87 /* Lab6Tests.swift */,
				CB71C4BE1BCD5CB600833C87 /* Supporting Files */,
			);
			path = Lab6Tests;
			sourceTree = "<group>";
		};
		CB71C4BE1BCD5CB600833C87 /* Supporting Files */ = {
			isa = PBXGroup;
			children = (
				CB71C4BF1BCD5CB600833C87 /* Info.plist */,
			);
			name = "Supporting Files";
			sourceTree = "<group>";
		};
/* End PBXGroup section */

/* Begin PBXNativeTarget section */
		CB71C4A41BCD5CB600833C87 /* Lab6 */ = {
			isa = PBXNativeTarget;
			buildConfigurationList = CB71C4C41BCD5CB600833C87 /* Build configuration list for PBXNativeTarget "Lab6" */;
			buildPhases = (
				CB71C4A11BCD5CB600833C87 /* Sources */,
				CB71C4A21BCD5CB600833C87 /* Frameworks */,
				CB71C4A31BCD5CB600833C87 /* Resources */,
			);
			buildRules = (
			);
			dependencies = (
			);
			name = Lab6;
			productName = Lab6;
			productReference = CB71C4A51BCD5CB600833C87 /* Lab6.app */;
			productType = "com.apple.product-type.application";
		};
		CB71C4B91BCD5CB600833C87 /* Lab6Tests */ = {
			isa = PBXNativeTarget;
			buildConfigurationList = CB71C4C71BCD5CB600833C87 /* Build configuration list for PBXNativeTarget "Lab6Tests" */;
			buildPhases = (
				CB71C4B61BCD5CB600833C87 /* Sources */,
				CB71C4B71BCD5CB600833C87 /* Frameworks */,
				CB71C4B81BCD5CB600833C87 /* Resources */,
			);
			buildRules = (
			);
			dependencies = (
				CB71C4BC1BCD5CB600833C87 /* PBXTargetDependency */,
			);
			name = Lab6Tests;
			productName = Lab6Tests;
			productReference = CB71C4BA1BCD5CB600833C87 /* Lab6Tests.xctest */;
			productType = "com.apple.product-type.bundle.unit-test";
		};
/* End PBXNativeTarget section */

/* Begin PBXProject section */
		CB71C49D1BCD5CB600833C87 /* Project object */ = {
			isa = PBXProject;
			attributes = {
				LastUpgradeCheck = 0640;
				ORGANIZATIONNAME = "Daniel Rankin";
				TargetAttributes = {
					CB71C4A41BCD5CB600833C87 = {
						CreatedOnToolsVersion = 6.4;
					};
					CB71C4B91BCD5CB600833C87 = {
						CreatedOnToolsVersion = 6.4;
						TestTargetID = CB71C4A41BCD5CB600833C87;
					};
				};
			};
			buildConfigurationList = CB71C4A01BCD5CB600833C87 /* Build configuration list for PBXProject "Lab6" */;
			compatibilityVersion = "Xcode 3.2";
			developmentRegion = English;
			hasScannedForEncodings = 0;
			knownRegions = (
				en,
				Base,
			);
			mainGroup = CB71C49C1BCD5CB600833C87;
			productRefGroup = CB71C4A61BCD5CB600833C87 /* Products */;
			projectDirPath = "";
			projectRoot = "";
			targets = (
				CB71C4A41BCD5CB600833C87 /* Lab6 */,
				CB71C4B91BCD5CB600833C87 /* Lab6Tests */,
			);
		};
/* End PBXProject section */

/* Begin PBXResourcesBuildPhase section */
		CB71C4A31BCD5CB600833C87 /* Resources */ = {
			isa = PBXResourcesBuildPhase;
			buildActionMask = 2147483647;
			files = (
				CB71C4CE1BCD86DD00833C87 /* sound1.caf in Resources */,
				CB71C4B01BCD5CB600833C87 /* Main.storyboard in Resources */,
				CB71C4CB1BCD6CAB00833C87 /* sound2.caf in Resources */,
				CB71C4B51BCD5CB600833C87 /* LaunchScreen.xib in Resources */,
				CB71C4B21BCD5CB600833C87 /* Images.xcassets in Resources */,
			);
			runOnlyForDeploymentPostprocessing = 0;
		};
		CB71C4B81BCD5CB600833C87 /* Resources */ = {
			isa = PBXResourcesBuildPhase;
			buildActionMask = 2147483647;
			files = (
				CB71C4CF1BCD86DD00833C87 /* sound1.caf in Resources */,
				CB71C4CC1BCD6CAB00833C87 /* sound2.caf in Resources */,
			);
			runOnlyForDeploymentPostprocessing = 0;
		};
/* End PBXResourcesBuildPhase section */

/* Begin PBXSourcesBuildPhase section */
		CB71C4A11BCD5CB600833C87 /* Sources */ = {
			isa = PBXSourcesBuildPhase;
			buildActionMask = 2147483647;
			files = (
				CB71C4AD1BCD5CB600833C87 /* ViewController.swift in Sources */,
				CB71C4AB1BCD5CB600833C87 /* AppDelegate.swift in Sources */,
			);
			runOnlyForDeploymentPostprocessing = 0;
		};
		CB71C4B61BCD5CB600833C87 /* Sources */ = {
			isa = PBXSourcesBuildPhase;
			buildActionMask = 2147483647;
			files = (
				CB71C4C11BCD5CB600833C87 /* Lab6Tests.swift in Sources */,
			);
			runOnlyForDeploymentPostprocessing = 0;
		};
/* End PBXSourcesBuildPhase section */

/* Begin PBXTargetDependency section */
		CB71C4BC1BCD5CB600833C87 /* PBXTargetDependency */ = {
			isa = PBXTargetDependency;
			target = CB71C4A41BCD5CB600833C87 /* Lab6 */;
			targetProxy = CB71C4BB1BCD5CB600833C87 /* PBXContainerItemProxy */;
		};
/* End PBXTargetDependency section */

/* Begin PBXVariantGroup section */
		CB71C4AE1BCD5CB600833C87 /* Main.storyboard */ = {
			isa = PBXVariantGroup;
			children = (
				CB71C4AF1BCD5CB600833C87 /* Base */,
			);
			name = Main.storyboard;
			sourceTree = "<group>";
		};
		CB71C4B31BCD5CB600833C87 /* LaunchScreen.xib */ = {
			isa = PBXVariantGroup;
			children = (
				CB71C4B41BCD5CB600833C87 /* Base */,
			);
			name = LaunchScreen.xib;
			sourceTree = "<group>";
		};
/* End PBXVariantGroup section */

/* Begin XCBuildConfiguration section */
		CB71C4C21BCD5CB600833C87 /* Debug */ = {
			isa = XCBuildConfiguration;
			buildSettings = {
				ALWAYS_SEARCH_USER_PATHS = NO;
				CLANG_CXX_LANGUAGE_STANDARD = "gnu++0x";
				CLANG_CXX_LIBRARY = "libc++";
				CLANG_ENABLE_MODULES = YES;
				CLANG_ENABLE_OBJC_ARC = YES;
				CLANG_WARN_BOOL_CONVERSION = YES;
				CLANG_WARN_CONSTANT_CONVERSION = YES;
				CLANG_WARN_DIRECT_OBJC_ISA_USAGE = YES_ERROR;
				CLANG_WARN_EMPTY_BODY = YES;
				CLANG_WARN_ENUM_CONVERSION = YES;
				CLANG_WARN_INT_CONVERSION = YES;
				CLANG_WARN_OBJC_ROOT_CLASS = YES_ERROR;
				CLANG_WARN_UNREACHABLE_CODE = YES;
				CLANG_WARN__DUPLICATE_METHOD_MATCH = YES;
				"CODE_SIGN_IDENTITY[sdk=iphoneos*]" = "iPhone Developer";
				COPY_PHASE_STRIP = NO;
				DEBUG_INFORMATION_FORMAT = "dwarf-with-dsym";
				ENABLE_STRICT_OBJC_MSGSEND = YES;
				GCC_C_LANGUAGE_STANDARD = gnu99;
				GCC_DYNAMIC_NO_PIC = NO;
				GCC_NO_COMMON_BLOCKS = YES;
				GCC_OPTIMIZATION_LEVEL = 0;
				GCC_PREPROCESSOR_DEFINITIONS = (
					"DEBUG=1",
					"$(inherited)",
				);
				GCC_SYMBOLS_PRIVATE_EXTERN = NO;
				GCC_WARN_64_TO_32_BIT_CONVERSION = YES;
				GCC_WARN_ABOUT_RETURN_TYPE = YES_ERROR;
				GCC_WARN_UNDECLARED_SELECTOR = YES;
				GCC_WARN_UNINITIALIZED_AUTOS = YES_AGGRESSIVE;
				GCC_WARN_UNUSED_FUNCTION = YES;
				GCC_WARN_UNUSED_VARIABLE = YES;
				IPHONEOS_DEPLOYMENT_TARGET = 8.4;
				MTL_ENABLE_DEBUG_INFO = YES;
				ONLY_ACTIVE_ARCH = YES;
				SDKROOT = iphoneos;
				SWIFT_OPTIMIZATION_LEVEL = "-Onone";
				TARGETED_DEVICE_FAMILY = "1,2";
			};
			name = Debug;
		};
		CB71C4C31BCD5CB600833C87 /* Release */ = {
			isa = XCBuildConfiguration;
			buildSettings = {
				ALWAYS_SEARCH_USER_PATHS = NO;
				CLANG_CXX_LANGUAGE_STANDARD = "gnu++0x";
				CLANG_CXX_LIBRARY = "libc++";
				CLANG_ENABLE_MODULES = YES;
				CLANG_ENABLE_OBJC_ARC = YES;
				CLANG_WARN_BOOL_CONVERSION = YES;
				CLANG_WARN_CONSTANT_CONVERSION = YES;
				CLANG_WARN_DIRECT_OBJC_ISA_USAGE = YES_ERROR;
				CLANG_WARN_EMPTY_BODY = YES;
				CLANG_WARN_ENUM_CONVERSION = YES;
				CLANG_WARN_INT_CONVERSION = YES;
				CLANG_WARN_OBJC_ROOT_CLASS = YES_ERROR;
				CLANG_WARN_UNREACHABLE_CODE = YES;
				CLANG_WARN__DUPLICATE_METHOD_MATCH = YES;
				"CODE_SIGN_IDENTITY[sdk=iphoneos*]" = "iPhone Developer";
				COPY_PHASE_STRIP = NO;
				DEBUG_INFORMATION_FORMAT = "dwarf-with-dsym";
				ENABLE_NS_ASSERTIONS = NO;
				ENABLE_STRICT_OBJC_MSGSEND = YES;
				GCC_C_LANGUAGE_STANDARD = gnu99;
				GCC_NO_COMMON_BLOCKS = YES;
				GCC_WARN_64_TO_32_BIT_CONVERSION = YES;
				GCC_WARN_ABOUT_RETURN_TYPE = YES_ERROR;
				GCC_WARN_UNDECLARED_SELECTOR = YES;
				GCC_WARN_UNINITIALIZED_AUTOS = YES_AGGRESSIVE;
				GCC_WARN_UNUSED_FUNCTION = YES;
				GCC_WARN_UNUSED_VARIABLE = YES;
				IPHONEOS_DEPLOYMENT_TARGET = 8.4;
				MTL_ENABLE_DEBUG_INFO = NO;
				SDKROOT = iphoneos;
				TARGETED_DEVICE_FAMILY = "1,2";
				VALIDATE_PRODUCT = YES;
			};
			name = Release;
		};
		CB71C4C51BCD5CB600833C87 /* Debug */ = {
			isa = XCBuildConfiguration;
			buildSettings = {
				ASSETCATALOG_COMPILER_APPICON_NAME = AppIcon;
				INFOPLIST_FILE = Lab6/Info.plist;
				LD_RUNPATH_SEARCH_PATHS = "$(inherited) @executable_path/Frameworks";
				PRODUCT_NAME = "$(TARGET_NAME)";
			};
			name = Debug;
		};
		CB71C4C61BCD5CB600833C87 /* Release */ = {
			isa = XCBuildConfiguration;
			buildSettings = {
				ASSETCATALOG_COMPILER_APPICON_NAME = AppIcon;
				INFOPLIST_FILE = Lab6/Info.plist;
				LD_RUNPATH_SEARCH_PATHS = "$(inherited) @executable_path/Frameworks";
				PRODUCT_NAME = "$(TARGET_NAME)";
			};
			name = Release;
		};
		CB71C4C81BCD5CB600833C87 /* Debug */ = {
			isa = XCBuildConfiguration;
			buildSettings = {
				BUNDLE_LOADER = "$(TEST_HOST)";
				FRAMEWORK_SEARCH_PATHS = (
					"$(SDKROOT)/Developer/Library/Frameworks",
					"$(inherited)",
				);
				GCC_PREPROCESSOR_DEFINITIONS = (
					"DEBUG=1",
					"$(inherited)",
				);
				INFOPLIST_FILE = Lab6Tests/Info.plist;
				LD_RUNPATH_SEARCH_PATHS = "$(inherited) @executable_path/Frameworks @loader_path/Frameworks";
				PRODUCT_NAME = "$(TARGET_NAME)";
				TEST_HOST = "$(BUILT_PRODUCTS_DIR)/Lab6.app/Lab6";
			};
			name = Debug;
		};
		CB71C4C91BCD5CB600833C87 /* Release */ = {
			isa = XCBuildConfiguration;
			buildSettings = {
				BUNDLE_LOADER = "$(TEST_HOST)";
				FRAMEWORK_SEARCH_PATHS = (
					"$(SDKROOT)/Developer/Library/Frameworks",
					"$(inherited)",
				);
				INFOPLIST_FILE = Lab6Tests/Info.plist;
				LD_RUNPATH_SEARCH_PATHS = "$(inherited) @executable_path/Frameworks @loader_path/Frameworks";
				PRODUCT_NAME = "$(TARGET_NAME)";
				TEST_HOST = "$(BUILT_PRODUCTS_DIR)/Lab6.app/Lab6";
			};
			name = Release;
		};
/* End XCBuildConfiguration section */

/* Begin XCConfigurationList section */
		CB71C4A01BCD5CB600833C87 /* Build configuration list for PBXProject "Lab6" */ = {
			isa = XCConfigurationList;
			buildConfigurations = (
				CB71C4C21BCD5CB600833C87 /* Debug */,
				CB71C4C31BCD5CB600833C87 /* Release */,
			);
			defaultConfigurationIsVisible = 0;
			defaultConfigurationName = Release;
		};
		CB71C4C41BCD5CB600833C87 /* Build configuration list for PBXNativeTarget "Lab6" */ = {
			isa = XCConfigurationList;
			buildConfigurations = (
				CB71C4C51BCD5CB600833C87 /* Debug */,
				CB71C4C61BCD5CB600833C87 /* Release */,
			);
			defaultConfigurationIsVisible = 0;
		};
		CB71C4C71BCD5CB600833C87 /* Build configuration list for PBXNativeTarget "Lab6Tests" */ = {
			isa = XCConfigurationList;
			buildConfigurations = (
				CB71C4C81BCD5CB600833C87 /* Debug */,
				CB71C4C91BCD5CB600833C87 /* Release */,
			);
			defaultConfigurationIsVisible = 0;
		};
/* End XCConfigurationList section */
	};
	rootObject = CB71C49D1BCD5CB600833C87 /* Project object */;
}
