// !$*UTF8*$!
{
	archiveVersion = 1;
	classes = {
	};
	objectVersion = 46;
	objects = {

/* Begin PBXBuildFile section */
		CB71C47D1BCD562800833C87 /* AppDelegate.swift in Sources */ = {isa = PBXBuildFile; fileRef = CB71C47C1BCD562800833C87 /* AppDelegate.swift */; };
		CB71C47F1BCD562800833C87 /* ViewController.swift in Sources */ = {isa = PBXBuildFile; fileRef = CB71C47E1BCD562800833C87 /* ViewController.swift */; };
		CB71C4821BCD562800833C87 /* Main.storyboard in Resources */ = {isa = PBXBuildFile; fileRef = CB71C4801BCD562800833C87 /* Main.storyboard */; };
		CB71C4841BCD562800833C87 /* Images.xcassets in Resources */ = {isa = PBXBuildFile; fileRef = CB71C4831BCD562800833C87 /* Images.xcassets */; };
		CB71C4871BCD562800833C87 /* LaunchScreen.xib in Resources */ = {isa = PBXBuildFile; fileRef = CB71C4851BCD562800833C87 /* LaunchScreen.xib */; };
		CB71C4931BCD562800833C87 /* Lab4Tests.swift in Sources */ = {isa = PBXBuildFile; fileRef = CB71C4921BCD562800833C87 /* Lab4Tests.swift */; };
/* End PBXBuildFile section */

/* Begin PBXContainerItemProxy section */
		CB71C48D1BCD562800833C87 /* PBXContainerItemProxy */ = {
			isa = PBXContainerItemProxy;
			containerPortal = CB71C46F1BCD562800833C87 /* Project object */;
			proxyType = 1;
			remoteGlobalIDString = CB71C4761BCD562800833C87;
			remoteInfo = Lab4;
		};
/* End PBXContainerItemProxy section */

/* Begin PBXFileReference section */
		CB71C4771BCD562800833C87 /* Lab4.app */ = {isa = PBXFileReference; explicitFileType = wrapper.application; includeInIndex = 0; path = Lab4.app; sourceTree = BUILT_PRODUCTS_DIR; };
		CB71C47B1BCD562800833C87 /* Info.plist */ = {isa = PBXFileReference; lastKnownFileType = text.plist.xml; path = Info.plist; sourceTree = "<group>"; };
		CB71C47C1BCD562800833C87 /* AppDelegate.swift */ = {isa = PBXFileReference; lastKnownFileType = sourcecode.swift; path = AppDelegate.swift; sourceTree = "<group>"; };
		CB71C47E1BCD562800833C87 /* ViewController.swift */ = {isa = PBXFileReference; lastKnownFileType = sourcecode.swift; path = ViewController.swift; sourceTree = "<group>"; };
		CB71C4811BCD562800833C87 /* Base */ = {isa = PBXFileReference; lastKnownFileType = file.storyboard; name = Base; path = Base.lproj/Main.storyboard; sourceTree = "<group>"; };
		CB71C4831BCD562800833C87 /* Images.xcassets */ = {isa = PBXFileReference; lastKnownFileType = folder.assetcatalog; path = Images.xcassets; sourceTree = "<group>"; };
		CB71C4861BCD562800833C87 /* Base */ = {isa = PBXFileReference; lastKnownFileType = file.xib; name = Base; path = Base.lproj/LaunchScreen.xib; sourceTree = "<group>"; };
		CB71C48C1BCD562800833C87 /* Lab4Tests.xctest */ = {isa = PBXFileReference; explicitFileType = wrapper.cfbundle; includeInIndex = 0; path = Lab4Tests.xctest; sourceTree = BUILT_PRODUCTS_DIR; };
		CB71C4911BCD562800833C87 /* Info.plist */ = {isa = PBXFileReference; lastKnownFileType = text.plist.xml; path = Info.plist; sourceTree = "<group>"; };
		CB71C4921BCD562800833C87 /* Lab4Tests.swift */ = {isa = PBXFileReference; lastKnownFileType = sourcecode.swift; path = Lab4Tests.swift; sourceTree = "<group>"; };
/* End PBXFileReference section */

/* Begin PBXFrameworksBuildPhase section */
		CB71C4741BCD562800833C87 /* Frameworks */ = {
			isa = PBXFrameworksBuildPhase;
			buildActionMask = 2147483647;
			files = (
			);
			runOnlyForDeploymentPostprocessing = 0;
		};
		CB71C4891BCD562800833C87 /* Frameworks */ = {
			isa = PBXFrameworksBuildPhase;
			buildActionMask = 2147483647;
			files = (
			);
			runOnlyForDeploymentPostprocessing = 0;
		};
/* End PBXFrameworksBuildPhase section */

/* Begin PBXGroup section */
		CB71C46E1BCD562800833C87 = {
			isa = PBXGroup;
			children = (
				CB71C4791BCD562800833C87 /* Lab4 */,
				CB71C48F1BCD562800833C87 /* Lab4Tests */,
				CB71C4781BCD562800833C87 /* Products */,
			);
			sourceTree = "<group>";
		};
		CB71C4781BCD562800833C87 /* Products */ = {
			isa = PBXGroup;
			children = (
				CB71C4771BCD562800833C87 /* Lab4.app */,
				CB71C48C1BCD562800833C87 /* Lab4Tests.xctest */,
			);
			name = Products;
			sourceTree = "<group>";
		};
		CB71C4791BCD562800833C87 /* Lab4 */ = {
			isa = PBXGroup;
			children = (
				CB71C47C1BCD562800833C87 /* AppDelegate.swift */,
				CB71C47E1BCD562800833C87 /* ViewController.swift */,
				CB71C4801BCD562800833C87 /* Main.storyboard */,
				CB71C4831BCD562800833C87 /* Images.xcassets */,
				CB71C4851BCD562800833C87 /* LaunchScreen.xib */,
				CB71C47A1BCD562800833C87 /* Supporting Files */,
			);
			path = Lab4;
			sourceTree = "<group>";
		};
		CB71C47A1BCD562800833C87 /* Supporting Files */ = {
			isa = PBXGroup;
			children = (
				CB71C47B1BCD562800833C87 /* Info.plist */,
			);
			name = "Supporting Files";
			sourceTree = "<group>";
		};
		CB71C48F1BCD562800833C87 /* Lab4Tests */ = {
			isa = PBXGroup;
			children = (
				CB71C4921BCD562800833C87 /* Lab4Tests.swift */,
				CB71C4901BCD562800833C87 /* Supporting Files */,
			);
			path = Lab4Tests;
			sourceTree = "<group>";
		};
		CB71C4901BCD562800833C87 /* Supporting Files */ = {
			isa = PBXGroup;
			children = (
				CB71C4911BCD562800833C87 /* Info.plist */,
			);
			name = "Supporting Files";
			sourceTree = "<group>";
		};
/* End PBXGroup section */

/* Begin PBXNativeTarget section */
		CB71C4761BCD562800833C87 /* Lab4 */ = {
			isa = PBXNativeTarget;
			buildConfigurationList = CB71C4961BCD562800833C87 /* Build configuration list for PBXNativeTarget "Lab4" */;
			buildPhases = (
				CB71C4731BCD562800833C87 /* Sources */,
				CB71C4741BCD562800833C87 /* Frameworks */,
				CB71C4751BCD562800833C87 /* Resources */,
			);
			buildRules = (
			);
			dependencies = (
			);
			name = Lab4;
			productName = Lab4;
			productReference = CB71C4771BCD562800833C87 /* Lab4.app */;
			productType = "com.apple.product-type.application";
		};
		CB71C48B1BCD562800833C87 /* Lab4Tests */ = {
			isa = PBXNativeTarget;
			buildConfigurationList = CB71C4991BCD562800833C87 /* Build configuration list for PBXNativeTarget "Lab4Tests" */;
			buildPhases = (
				CB71C4881BCD562800833C87 /* Sources */,
				CB71C4891BCD562800833C87 /* Frameworks */,
				CB71C48A1BCD562800833C87 /* Resources */,
			);
			buildRules = (
			);
			dependencies = (
				CB71C48E1BCD562800833C87 /* PBXTargetDependency */,
			);
			name = Lab4Tests;
			productName = Lab4Tests;
			productReference = CB71C48C1BCD562800833C87 /* Lab4Tests.xctest */;
			productType = "com.apple.product-type.bundle.unit-test";
		};
/* End PBXNativeTarget section */

/* Begin PBXProject section */
		CB71C46F1BCD562800833C87 /* Project object */ = {
			isa = PBXProject;
			attributes = {
				LastUpgradeCheck = 0640;
				ORGANIZATIONNAME = "Daniel Rankin";
				TargetAttributes = {
					CB71C4761BCD562800833C87 = {
						CreatedOnToolsVersion = 6.4;
					};
					CB71C48B1BCD562800833C87 = {
						CreatedOnToolsVersion = 6.4;
						TestTargetID = CB71C4761BCD562800833C87;
					};
				};
			};
			buildConfigurationList = CB71C4721BCD562800833C87 /* Build configuration list for PBXProject "Lab4" */;
			compatibilityVersion = "Xcode 3.2";
			developmentRegion = English;
			hasScannedForEncodings = 0;
			knownRegions = (
				en,
				Base,
			);
			mainGroup = CB71C46E1BCD562800833C87;
			productRefGroup = CB71C4781BCD562800833C87 /* Products */;
			projectDirPath = "";
			projectRoot = "";
			targets = (
				CB71C4761BCD562800833C87 /* Lab4 */,
				CB71C48B1BCD562800833C87 /* Lab4Tests */,
			);
		};
/* End PBXProject section */

/* Begin PBXResourcesBuildPhase section */
		CB71C4751BCD562800833C87 /* Resources */ = {
			isa = PBXResourcesBuildPhase;
			buildActionMask = 2147483647;
			files = (
				CB71C4821BCD562800833C87 /* Main.storyboard in Resources */,
				CB71C4871BCD562800833C87 /* LaunchScreen.xib in Resources */,
				CB71C4841BCD562800833C87 /* Images.xcassets in Resources */,
			);
			runOnlyForDeploymentPostprocessing = 0;
		};
		CB71C48A1BCD562800833C87 /* Resources */ = {
			isa = PBXResourcesBuildPhase;
			buildActionMask = 2147483647;
			files = (
			);
			runOnlyForDeploymentPostprocessing = 0;
		};
/* End PBXResourcesBuildPhase section */

/* Begin PBXSourcesBuildPhase section */
		CB71C4731BCD562800833C87 /* Sources */ = {
			isa = PBXSourcesBuildPhase;
			buildActionMask = 2147483647;
			files = (
				CB71C47F1BCD562800833C87 /* ViewController.swift in Sources */,
				CB71C47D1BCD562800833C87 /* AppDelegate.swift in Sources */,
			);
			runOnlyForDeploymentPostprocessing = 0;
		};
		CB71C4881BCD562800833C87 /* Sources */ = {
			isa = PBXSourcesBuildPhase;
			buildActionMask = 2147483647;
			files = (
				CB71C4931BCD562800833C87 /* Lab4Tests.swift in Sources */,
			);
			runOnlyForDeploymentPostprocessing = 0;
		};
/* End PBXSourcesBuildPhase section */

/* Begin PBXTargetDependency section */
		CB71C48E1BCD562800833C87 /* PBXTargetDependency */ = {
			isa = PBXTargetDependency;
			target = CB71C4761BCD562800833C87 /* Lab4 */;
			targetProxy = CB71C48D1BCD562800833C87 /* PBXContainerItemProxy */;
		};
/* End PBXTargetDependency section */

/* Begin PBXVariantGroup section */
		CB71C4801BCD562800833C87 /* Main.storyboard */ = {
			isa = PBXVariantGroup;
			children = (
				CB71C4811BCD562800833C87 /* Base */,
			);
			name = Main.storyboard;
			sourceTree = "<group>";
		};
		CB71C4851BCD562800833C87 /* LaunchScreen.xib */ = {
			isa = PBXVariantGroup;
			children = (
				CB71C4861BCD562800833C87 /* Base */,
			);
			name = LaunchScreen.xib;
			sourceTree = "<group>";
		};
/* End PBXVariantGroup section */

/* Begin XCBuildConfiguration section */
		CB71C4941BCD562800833C87 /* Debug */ = {
			isa = XCBuildConfiguration;
			buildSettings = {
				ALWAYS_SEARCH_USER_PATHS = NO;
				CLANG_CXX_LANGUAGE_STANDARD = "gnu++0x";
				CLANG_CXX_LIBRARY = "libc++";
				CLANG_ENABLE_MODULES = YES;
				CLANG_ENABLE_OBJC_ARC = YES;
				CLANG_WARN_BOOL_CONVERSION = YES;
				CLANG_WARN_CONSTANT_CONVERSION = YES;
				CLANG_WARN_DIRECT_OBJC_ISA_USAGE = YES_ERROR;
				CLANG_WARN_EMPTY_BODY = YES;
				CLANG_WARN_ENUM_CONVERSION = YES;
				CLANG_WARN_INT_CONVERSION = YES;
				CLANG_WARN_OBJC_ROOT_CLASS = YES_ERROR;
				CLANG_WARN_UNREACHABLE_CODE = YES;
				CLANG_WARN__DUPLICATE_METHOD_MATCH = YES;
				"CODE_SIGN_IDENTITY[sdk=iphoneos*]" = "iPhone Developer";
				COPY_PHASE_STRIP = NO;
				DEBUG_INFORMATION_FORMAT = "dwarf-with-dsym";
				ENABLE_STRICT_OBJC_MSGSEND = YES;
				GCC_C_LANGUAGE_STANDARD = gnu99;
				GCC_DYNAMIC_NO_PIC = NO;
				GCC_NO_COMMON_BLOCKS = YES;
				GCC_OPTIMIZATION_LEVEL = 0;
				GCC_PREPROCESSOR_DEFINITIONS = (
					"DEBUG=1",
					"$(inherited)",
				);
				GCC_SYMBOLS_PRIVATE_EXTERN = NO;
				GCC_WARN_64_TO_32_BIT_CONVERSION = YES;
				GCC_WARN_ABOUT_RETURN_TYPE = YES_ERROR;
				GCC_WARN_UNDECLARED_SELECTOR = YES;
				GCC_WARN_UNINITIALIZED_AUTOS = YES_AGGRESSIVE;
				GCC_WARN_UNUSED_FUNCTION = YES;
				GCC_WARN_UNUSED_VARIABLE = YES;
				IPHONEOS_DEPLOYMENT_TARGET = 8.4;
				MTL_ENABLE_DEBUG_INFO = YES;
				ONLY_ACTIVE_ARCH = YES;
				SDKROOT = iphoneos;
				SWIFT_OPTIMIZATION_LEVEL = "-Onone";
				TARGETED_DEVICE_FAMILY = "1,2";
			};
			name = Debug;
		};
		CB71C4951BCD562800833C87 /* Release */ = {
			isa = XCBuildConfiguration;
			buildSettings = {
				ALWAYS_SEARCH_USER_PATHS = NO;
				CLANG_CXX_LANGUAGE_STANDARD = "gnu++0x";
				CLANG_CXX_LIBRARY = "libc++";
				CLANG_ENABLE_MODULES = YES;
				CLANG_ENABLE_OBJC_ARC = YES;
				CLANG_WARN_BOOL_CONVERSION = YES;
				CLANG_WARN_CONSTANT_CONVERSION = YES;
				CLANG_WARN_DIRECT_OBJC_ISA_USAGE = YES_ERROR;
				CLANG_WARN_EMPTY_BODY = YES;
				CLANG_WARN_ENUM_CONVERSION = YES;
				CLANG_WARN_INT_CONVERSION = YES;
				CLANG_WARN_OBJC_ROOT_CLASS = YES_ERROR;
				CLANG_WARN_UNREACHABLE_CODE = YES;
				CLANG_WARN__DUPLICATE_METHOD_MATCH = YES;
				"CODE_SIGN_IDENTITY[sdk=iphoneos*]" = "iPhone Developer";
				COPY_PHASE_STRIP = NO;
				DEBUG_INFORMATION_FORMAT = "dwarf-with-dsym";
				ENABLE_NS_ASSERTIONS = NO;
				ENABLE_STRICT_OBJC_MSGSEND = YES;
				GCC_C_LANGUAGE_STANDARD = gnu99;
				GCC_NO_COMMON_BLOCKS = YES;
				GCC_WARN_64_TO_32_BIT_CONVERSION = YES;
				GCC_WARN_ABOUT_RETURN_TYPE = YES_ERROR;
				GCC_WARN_UNDECLARED_SELECTOR = YES;
				GCC_WARN_UNINITIALIZED_AUTOS = YES_AGGRESSIVE;
				GCC_WARN_UNUSED_FUNCTION = YES;
				GCC_WARN_UNUSED_VARIABLE = YES;
				IPHONEOS_DEPLOYMENT_TARGET = 8.4;
				MTL_ENABLE_DEBUG_INFO = NO;
				SDKROOT = iphoneos;
				TARGETED_DEVICE_FAMILY = "1,2";
				VALIDATE_PRODUCT = YES;
			};
			name = Release;
		};
		CB71C4971BCD562800833C87 /* Debug */ = {
			isa = XCBuildConfiguration;
			buildSettings = {
				ASSETCATALOG_COMPILER_APPICON_NAME = AppIcon;
				INFOPLIST_FILE = Lab4/Info.plist;
				LD_RUNPATH_SEARCH_PATHS = "$(inherited) @executable_path/Frameworks";
				PRODUCT_NAME = "$(TARGET_NAME)";
			};
			name = Debug;
		};
		CB71C4981BCD562800833C87 /* Release */ = {
			isa = XCBuildConfiguration;
			buildSettings = {
				ASSETCATALOG_COMPILER_APPICON_NAME = AppIcon;
				INFOPLIST_FILE = Lab4/Info.plist;
				LD_RUNPATH_SEARCH_PATHS = "$(inherited) @executable_path/Frameworks";
				PRODUCT_NAME = "$(TARGET_NAME)";
			};
			name = Release;
		};
		CB71C49A1BCD562800833C87 /* Debug */ = {
			isa = XCBuildConfiguration;
			buildSettings = {
				BUNDLE_LOADER = "$(TEST_HOST)";
				FRAMEWORK_SEARCH_PATHS = (
					"$(SDKROOT)/Developer/Library/Frameworks",
					"$(inherited)",
				);
				GCC_PREPROCESSOR_DEFINITIONS = (
					"DEBUG=1",
					"$(inherited)",
				);
				INFOPLIST_FILE = Lab4Tests/Info.plist;
				LD_RUNPATH_SEARCH_PATHS = "$(inherited) @executable_path/Frameworks @loader_path/Frameworks";
				PRODUCT_NAME = "$(TARGET_NAME)";
				TEST_HOST = "$(BUILT_PRODUCTS_DIR)/Lab4.app/Lab4";
			};
			name = Debug;
		};
		CB71C49B1BCD562800833C87 /* Release */ = {
			isa = XCBuildConfiguration;
			buildSettings = {
				BUNDLE_LOADER = "$(TEST_HOST)";
				FRAMEWORK_SEARCH_PATHS = (
					"$(SDKROOT)/Developer/Library/Frameworks",
					"$(inherited)",
				);
				INFOPLIST_FILE = Lab4Tests/Info.plist;
				LD_RUNPATH_SEARCH_PATHS = "$(inherited) @executable_path/Frameworks @loader_path/Frameworks";
				PRODUCT_NAME = "$(TARGET_NAME)";
				TEST_HOST = "$(BUILT_PRODUCTS_DIR)/Lab4.app/Lab4";
			};
			name = Release;
		};
/* End XCBuildConfiguration section */

/* Begin XCConfigurationList section */
		CB71C4721BCD562800833C87 /* Build configuration list for PBXProject "Lab4" */ = {
			isa = XCConfigurationList;
			buildConfigurations = (
				CB71C4941BCD562800833C87 /* Debug */,
				CB71C4951BCD562800833C87 /* Release */,
			);
			defaultConfigurationIsVisible = 0;
			defaultConfigurationName = Release;
		};
		CB71C4961BCD562800833C87 /* Build configuration list for PBXNativeTarget "Lab4" */ = {
			isa = XCConfigurationList;
			buildConfigurations = (
				CB71C4971BCD562800833C87 /* Debug */,
				CB71C4981BCD562800833C87 /* Release */,
			);
			defaultConfigurationIsVisible = 0;
		};
		CB71C4991BCD562800833C87 /* Build configuration list for PBXNativeTarget "Lab4Tests" */ = {
			isa = XCConfigurationList;
			buildConfigurations = (
				CB71C49A1BCD562800833C87 /* Debug */,
				CB71C49B1BCD562800833C87 /* Release */,
			);
			defaultConfigurationIsVisible = 0;
		};
/* End XCConfigurationList section */
	};
	rootObject = CB71C46F1BCD562800833C87 /* Project object */;
}
