// !$*UTF8*$!
{
	archiveVersion = 1;
	classes = {
	};
	objectVersion = 46;
	objects = {

/* Begin PBXBuildFile section */
		CB54B83B1C02A95400329AF5 /* LaunchScreen.xib in Resources */ = {isa = PBXBuildFile; fileRef = CB54B83A1C02A95400329AF5 /* LaunchScreen.xib */; };
		CB6A9E061C02906E002BAE4E /* AppDelegate.swift in Sources */ = {isa = PBXBuildFile; fileRef = CB6A9E051C02906E002BAE4E /* AppDelegate.swift */; };
		CB6A9E081C02906E002BAE4E /* ViewController.swift in Sources */ = {isa = PBXBuildFile; fileRef = CB6A9E071C02906E002BAE4E /* ViewController.swift */; };
		CB6A9E0B1C02906E002BAE4E /* Main.storyboard in Resources */ = {isa = PBXBuildFile; fileRef = CB6A9E091C02906E002BAE4E /* Main.storyboard */; };
		CB6A9E0D1C02906E002BAE4E /* Assets.xcassets in Resources */ = {isa = PBXBuildFile; fileRef = CB6A9E0C1C02906E002BAE4E /* Assets.xcassets */; };
		CB6A9E1B1C02906E002BAE4E /* MultiviewTests.swift in Sources */ = {isa = PBXBuildFile; fileRef = CB6A9E1A1C02906E002BAE4E /* MultiviewTests.swift */; };
		CB6A9E261C02906E002BAE4E /* MultiviewUITests.swift in Sources */ = {isa = PBXBuildFile; fileRef = CB6A9E251C02906E002BAE4E /* MultiviewUITests.swift */; };
		CB6A9E341C029191002BAE4E /* favoriteBacon.swift in Sources */ = {isa = PBXBuildFile; fileRef = CB6A9E331C029191002BAE4E /* favoriteBacon.swift */; };
		CB6A9E361C02974D002BAE4E /* ViewController2.swift in Sources */ = {isa = PBXBuildFile; fileRef = CB6A9E351C02974D002BAE4E /* ViewController2.swift */; };
/* End PBXBuildFile section */

/* Begin PBXContainerItemProxy section */
		CB6A9E171C02906E002BAE4E /* PBXContainerItemProxy */ = {
			isa = PBXContainerItemProxy;
			containerPortal = CB6A9DFA1C02906E002BAE4E /* Project object */;
			proxyType = 1;
			remoteGlobalIDString = CB6A9E011C02906E002BAE4E;
			remoteInfo = Multiview;
		};
		CB6A9E221C02906E002BAE4E /* PBXContainerItemProxy */ = {
			isa = PBXContainerItemProxy;
			containerPortal = CB6A9DFA1C02906E002BAE4E /* Project object */;
			proxyType = 1;
			remoteGlobalIDString = CB6A9E011C02906E002BAE4E;
			remoteInfo = Multiview;
		};
/* End PBXContainerItemProxy section */

/* Begin PBXFileReference section */
		CB54B83A1C02A95400329AF5 /* LaunchScreen.xib */ = {isa = PBXFileReference; fileEncoding = 4; lastKnownFileType = file.xib; path = LaunchScreen.xib; sourceTree = "<group>"; };
		CB6A9E021C02906E002BAE4E /* Multiview.app */ = {isa = PBXFileReference; explicitFileType = wrapper.application; includeInIndex = 0; path = Multiview.app; sourceTree = BUILT_PRODUCTS_DIR; };
		CB6A9E051C02906E002BAE4E /* AppDelegate.swift */ = {isa = PBXFileReference; lastKnownFileType = sourcecode.swift; path = AppDelegate.swift; sourceTree = "<group>"; };
		CB6A9E071C02906E002BAE4E /* ViewController.swift */ = {isa = PBXFileReference; lastKnownFileType = sourcecode.swift; path = ViewController.swift; sourceTree = "<group>"; };
		CB6A9E0A1C02906E002BAE4E /* Base */ = {isa = PBXFileReference; lastKnownFileType = file.storyboard; name = Base; path = Base.lproj/Main.storyboard; sourceTree = "<group>"; };
		CB6A9E0C1C02906E002BAE4E /* Assets.xcassets */ = {isa = PBXFileReference; lastKnownFileType = folder.assetcatalog; path = Assets.xcassets; sourceTree = "<group>"; };
		CB6A9E111C02906E002BAE4E /* Info.plist */ = {isa = PBXFileReference; lastKnownFileType = text.plist.xml; path = Info.plist; sourceTree = "<group>"; };
		CB6A9E161C02906E002BAE4E /* MultiviewTests.xctest */ = {isa = PBXFileReference; explicitFileType = wrapper.cfbundle; includeInIndex = 0; path = MultiviewTests.xctest; sourceTree = BUILT_PRODUCTS_DIR; };
		CB6A9E1A1C02906E002BAE4E /* MultiviewTests.swift */ = {isa = PBXFileReference; lastKnownFileType = sourcecode.swift; path = MultiviewTests.swift; sourceTree = "<group>"; };
		CB6A9E1C1C02906E002BAE4E /* Info.plist */ = {isa = PBXFileReference; lastKnownFileType = text.plist.xml; path = Info.plist; sourceTree = "<group>"; };
		CB6A9E211C02906E002BAE4E /* MultiviewUITests.xctest */ = {isa = PBXFileReference; explicitFileType = wrapper.cfbundle; includeInIndex = 0; path = MultiviewUITests.xctest; sourceTree = BUILT_PRODUCTS_DIR; };
		CB6A9E251C02906E002BAE4E /* MultiviewUITests.swift */ = {isa = PBXFileReference; lastKnownFileType = sourcecode.swift; path = MultiviewUITests.swift; sourceTree = "<group>"; };
		CB6A9E271C02906E002BAE4E /* Info.plist */ = {isa = PBXFileReference; lastKnownFileType = text.plist.xml; path = Info.plist; sourceTree = "<group>"; };
		CB6A9E331C029191002BAE4E /* favoriteBacon.swift */ = {isa = PBXFileReference; fileEncoding = 4; lastKnownFileType = sourcecode.swift; path = favoriteBacon.swift; sourceTree = "<group>"; };
		CB6A9E351C02974D002BAE4E /* ViewController2.swift */ = {isa = PBXFileReference; fileEncoding = 4; lastKnownFileType = sourcecode.swift; path = ViewController2.swift; sourceTree = "<group>"; };
/* End PBXFileReference section */

/* Begin PBXFrameworksBuildPhase section */
		CB6A9DFF1C02906E002BAE4E /* Frameworks */ = {
			isa = PBXFrameworksBuildPhase;
			buildActionMask = 2147483647;
			files = (
			);
			runOnlyForDeploymentPostprocessing = 0;
		};
		CB6A9E131C02906E002BAE4E /* Frameworks */ = {
			isa = PBXFrameworksBuildPhase;
			buildActionMask = 2147483647;
			files = (
			);
			runOnlyForDeploymentPostprocessing = 0;
		};
		CB6A9E1E1C02906E002BAE4E /* Frameworks */ = {
			isa = PBXFrameworksBuildPhase;
			buildActionMask = 2147483647;
			files = (
			);
			runOnlyForDeploymentPostprocessing = 0;
		};
/* End PBXFrameworksBuildPhase section */

/* Begin PBXGroup section */
		CB6A9DF91C02906E002BAE4E = {
			isa = PBXGroup;
			children = (
				CB6A9E041C02906E002BAE4E /* Multiview */,
				CB6A9E191C02906E002BAE4E /* MultiviewTests */,
				CB6A9E241C02906E002BAE4E /* MultiviewUITests */,
				CB6A9E031C02906E002BAE4E /* Products */,
			);
			sourceTree = "<group>";
		};
		CB6A9E031C02906E002BAE4E /* Products */ = {
			isa = PBXGroup;
			children = (
				CB6A9E021C02906E002BAE4E /* Multiview.app */,
				CB6A9E161C02906E002BAE4E /* MultiviewTests.xctest */,
				CB6A9E211C02906E002BAE4E /* MultiviewUITests.xctest */,
			);
			name = Products;
			sourceTree = "<group>";
		};
		CB6A9E041C02906E002BAE4E /* Multiview */ = {
			isa = PBXGroup;
			children = (
				CB6A9E051C02906E002BAE4E /* AppDelegate.swift */,
				CB6A9E071C02906E002BAE4E /* ViewController.swift */,
				CB6A9E091C02906E002BAE4E /* Main.storyboard */,
				CB6A9E351C02974D002BAE4E /* ViewController2.swift */,
				CB6A9E331C029191002BAE4E /* favoriteBacon.swift */,
				CB6A9E0C1C02906E002BAE4E /* Assets.xcassets */,
				CB54B83A1C02A95400329AF5 /* LaunchScreen.xib */,
				CB6A9E111C02906E002BAE4E /* Info.plist */,
			);
			path = Multiview;
			sourceTree = "<group>";
		};
		CB6A9E191C02906E002BAE4E /* MultiviewTests */ = {
			isa = PBXGroup;
			children = (
				CB6A9E1A1C02906E002BAE4E /* MultiviewTests.swift */,
				CB6A9E1C1C02906E002BAE4E /* Info.plist */,
			);
			path = MultiviewTests;
			sourceTree = "<group>";
		};
		CB6A9E241C02906E002BAE4E /* MultiviewUITests */ = {
			isa = PBXGroup;
			children = (
				CB6A9E251C02906E002BAE4E /* MultiviewUITests.swift */,
				CB6A9E271C02906E002BAE4E /* Info.plist */,
			);
			path = MultiviewUITests;
			sourceTree = "<group>";
		};
/* End PBXGroup section */

/* Begin PBXNativeTarget section */
		CB6A9E011C02906E002BAE4E /* Multiview */ = {
			isa = PBXNativeTarget;
			buildConfigurationList = CB6A9E2A1C02906E002BAE4E /* Build configuration list for PBXNativeTarget "Multiview" */;
			buildPhases = (
				CB6A9DFE1C02906E002BAE4E /* Sources */,
				CB6A9DFF1C02906E002BAE4E /* Frameworks */,
				CB6A9E001C02906E002BAE4E /* Resources */,
			);
			buildRules = (
			);
			dependencies = (
			);
			name = Multiview;
			productName = Multiview;
			productReference = CB6A9E021C02906E002BAE4E /* Multiview.app */;
			productType = "com.apple.product-type.application";
		};
		CB6A9E151C02906E002BAE4E /* MultiviewTests */ = {
			isa = PBXNativeTarget;
			buildConfigurationList = CB6A9E2D1C02906E002BAE4E /* Build configuration list for PBXNativeTarget "MultiviewTests" */;
			buildPhases = (
				CB6A9E121C02906E002BAE4E /* Sources */,
				CB6A9E131C02906E002BAE4E /* Frameworks */,
				CB6A9E141C02906E002BAE4E /* Resources */,
			);
			buildRules = (
			);
			dependencies = (
				CB6A9E181C02906E002BAE4E /* PBXTargetDependency */,
			);
			name = MultiviewTests;
			productName = MultiviewTests;
			productReference = CB6A9E161C02906E002BAE4E /* MultiviewTests.xctest */;
			productType = "com.apple.product-type.bundle.unit-test";
		};
		CB6A9E201C02906E002BAE4E /* MultiviewUITests */ = {
			isa = PBXNativeTarget;
			buildConfigurationList = CB6A9E301C02906E002BAE4E /* Build configuration list for PBXNativeTarget "MultiviewUITests" */;
			buildPhases = (
				CB6A9E1D1C02906E002BAE4E /* Sources */,
				CB6A9E1E1C02906E002BAE4E /* Frameworks */,
				CB6A9E1F1C02906E002BAE4E /* Resources */,
			);
			buildRules = (
			);
			dependencies = (
				CB6A9E231C02906E002BAE4E /* PBXTargetDependency */,
			);
			name = MultiviewUITests;
			productName = MultiviewUITests;
			productReference = CB6A9E211C02906E002BAE4E /* MultiviewUITests.xctest */;
			productType = "com.apple.product-type.bundle.ui-testing";
		};
/* End PBXNativeTarget section */

/* Begin PBXProject section */
		CB6A9DFA1C02906E002BAE4E /* Project object */ = {
			isa = PBXProject;
			attributes = {
				LastSwiftUpdateCheck = 0710;
				LastUpgradeCheck = 0710;
				ORGANIZATIONNAME = "Daniel Rankin";
				TargetAttributes = {
					CB6A9E011C02906E002BAE4E = {
						CreatedOnToolsVersion = 7.1.1;
					};
					CB6A9E151C02906E002BAE4E = {
						CreatedOnToolsVersion = 7.1.1;
						TestTargetID = CB6A9E011C02906E002BAE4E;
					};
					CB6A9E201C02906E002BAE4E = {
						CreatedOnToolsVersion = 7.1.1;
						TestTargetID = CB6A9E011C02906E002BAE4E;
					};
				};
			};
			buildConfigurationList = CB6A9DFD1C02906E002BAE4E /* Build configuration list for PBXProject "Multiview" */;
			compatibilityVersion = "Xcode 3.2";
			developmentRegion = English;
			hasScannedForEncodings = 0;
			knownRegions = (
				en,
				Base,
			);
			mainGroup = CB6A9DF91C02906E002BAE4E;
			productRefGroup = CB6A9E031C02906E002BAE4E /* Products */;
			projectDirPath = "";
			projectRoot = "";
			targets = (
				CB6A9E011C02906E002BAE4E /* Multiview */,
				CB6A9E151C02906E002BAE4E /* MultiviewTests */,
				CB6A9E201C02906E002BAE4E /* MultiviewUITests */,
			);
		};
/* End PBXProject section */

/* Begin PBXResourcesBuildPhase section */
		CB6A9E001C02906E002BAE4E /* Resources */ = {
			isa = PBXResourcesBuildPhase;
			buildActionMask = 2147483647;
			files = (
				CB54B83B1C02A95400329AF5 /* LaunchScreen.xib in Resources */,
				CB6A9E0D1C02906E002BAE4E /* Assets.xcassets in Resources */,
				CB6A9E0B1C02906E002BAE4E /* Main.storyboard in Resources */,
			);
			runOnlyForDeploymentPostprocessing = 0;
		};
		CB6A9E141C02906E002BAE4E /* Resources */ = {
			isa = PBXResourcesBuildPhase;
			buildActionMask = 2147483647;
			files = (
			);
			runOnlyForDeploymentPostprocessing = 0;
		};
		CB6A9E1F1C02906E002BAE4E /* Resources */ = {
			isa = PBXResourcesBuildPhase;
			buildActionMask = 2147483647;
			files = (
			);
			runOnlyForDeploymentPostprocessing = 0;
		};
/* End PBXResourcesBuildPhase section */

/* Begin PBXSourcesBuildPhase section */
		CB6A9DFE1C02906E002BAE4E /* Sources */ = {
			isa = PBXSourcesBuildPhase;
			buildActionMask = 2147483647;
			files = (
				CB6A9E341C029191002BAE4E /* favoriteBacon.swift in Sources */,
				CB6A9E361C02974D002BAE4E /* ViewController2.swift in Sources */,
				CB6A9E081C02906E002BAE4E /* ViewController.swift in Sources */,
				CB6A9E061C02906E002BAE4E /* AppDelegate.swift in Sources */,
			);
			runOnlyForDeploymentPostprocessing = 0;
		};
		CB6A9E121C02906E002BAE4E /* Sources */ = {
			isa = PBXSourcesBuildPhase;
			buildActionMask = 2147483647;
			files = (
				CB6A9E1B1C02906E002BAE4E /* MultiviewTests.swift in Sources */,
			);
			runOnlyForDeploymentPostprocessing = 0;
		};
		CB6A9E1D1C02906E002BAE4E /* Sources */ = {
			isa = PBXSourcesBuildPhase;
			buildActionMask = 2147483647;
			files = (
				CB6A9E261C02906E002BAE4E /* MultiviewUITests.swift in Sources */,
			);
			runOnlyForDeploymentPostprocessing = 0;
		};
/* End PBXSourcesBuildPhase section */

/* Begin PBXTargetDependency section */
		CB6A9E181C02906E002BAE4E /* PBXTargetDependency */ = {
			isa = PBXTargetDependency;
			target = CB6A9E011C02906E002BAE4E /* Multiview */;
			targetProxy = CB6A9E171C02906E002BAE4E /* PBXContainerItemProxy */;
		};
		CB6A9E231C02906E002BAE4E /* PBXTargetDependency */ = {
			isa = PBXTargetDependency;
			target = CB6A9E011C02906E002BAE4E /* Multiview */;
			targetProxy = CB6A9E221C02906E002BAE4E /* PBXContainerItemProxy */;
		};
/* End PBXTargetDependency section */

/* Begin PBXVariantGroup section */
		CB6A9E091C02906E002BAE4E /* Main.storyboard */ = {
			isa = PBXVariantGroup;
			children = (
				CB6A9E0A1C02906E002BAE4E /* Base */,
			);
			name = Main.storyboard;
			sourceTree = "<group>";
		};
/* End PBXVariantGroup section */

/* Begin XCBuildConfiguration section */
		CB6A9E281C02906E002BAE4E /* Debug */ = {
			isa = XCBuildConfiguration;
			buildSettings = {
				ALWAYS_SEARCH_USER_PATHS = NO;
				CLANG_CXX_LANGUAGE_STANDARD = "gnu++0x";
				CLANG_CXX_LIBRARY = "libc++";
				CLANG_ENABLE_MODULES = YES;
				CLANG_ENABLE_OBJC_ARC = YES;
				CLANG_WARN_BOOL_CONVERSION = YES;
				CLANG_WARN_CONSTANT_CONVERSION = YES;
				CLANG_WARN_DIRECT_OBJC_ISA_USAGE = YES_ERROR;
				CLANG_WARN_EMPTY_BODY = YES;
				CLANG_WARN_ENUM_CONVERSION = YES;
				CLANG_WARN_INT_CONVERSION = YES;
				CLANG_WARN_OBJC_ROOT_CLASS = YES_ERROR;
				CLANG_WARN_UNREACHABLE_CODE = YES;
				CLANG_WARN__DUPLICATE_METHOD_MATCH = YES;
				"CODE_SIGN_IDENTITY[sdk=iphoneos*]" = "iPhone Developer";
				COPY_PHASE_STRIP = NO;
				DEBUG_INFORMATION_FORMAT = dwarf;
				ENABLE_STRICT_OBJC_MSGSEND = YES;
				ENABLE_TESTABILITY = YES;
				GCC_C_LANGUAGE_STANDARD = gnu99;
				GCC_DYNAMIC_NO_PIC = NO;
				GCC_NO_COMMON_BLOCKS = YES;
				GCC_OPTIMIZATION_LEVEL = 0;
				GCC_PREPROCESSOR_DEFINITIONS = (
					"DEBUG=1",
					"$(inherited)",
				);
				GCC_WARN_64_TO_32_BIT_CONVERSION = YES;
				GCC_WARN_ABOUT_RETURN_TYPE = YES_ERROR;
				GCC_WARN_UNDECLARED_SELECTOR = YES;
				GCC_WARN_UNINITIALIZED_AUTOS = YES_AGGRESSIVE;
				GCC_WARN_UNUSED_FUNCTION = YES;
				GCC_WARN_UNUSED_VARIABLE = YES;
				IPHONEOS_DEPLOYMENT_TARGET = 9.1;
				MTL_ENABLE_DEBUG_INFO = YES;
				ONLY_ACTIVE_ARCH = YES;
				SDKROOT = iphoneos;
				SWIFT_OPTIMIZATION_LEVEL = "-Onone";
				TARGETED_DEVICE_FAMILY = "1,2";
			};
			name = Debug;
		};
		CB6A9E291C02906E002BAE4E /* Release */ = {
			isa = XCBuildConfiguration;
			buildSettings = {
				ALWAYS_SEARCH_USER_PATHS = NO;
				CLANG_CXX_LANGUAGE_STANDARD = "gnu++0x";
				CLANG_CXX_LIBRARY = "libc++";
				CLANG_ENABLE_MODULES = YES;
				CLANG_ENABLE_OBJC_ARC = YES;
				CLANG_WARN_BOOL_CONVERSION = YES;
				CLANG_WARN_CONSTANT_CONVERSION = YES;
				CLANG_WARN_DIRECT_OBJC_ISA_USAGE = YES_ERROR;
				CLANG_WARN_EMPTY_BODY = YES;
				CLANG_WARN_ENUM_CONVERSION = YES;
				CLANG_WARN_INT_CONVERSION = YES;
				CLANG_WARN_OBJC_ROOT_CLASS = YES_ERROR;
				CLANG_WARN_UNREACHABLE_CODE = YES;
				CLANG_WARN__DUPLICATE_METHOD_MATCH = YES;
				"CODE_SIGN_IDENTITY[sdk=iphoneos*]" = "iPhone Developer";
				COPY_PHASE_STRIP = NO;
				DEBUG_INFORMATION_FORMAT = "dwarf-with-dsym";
				ENABLE_NS_ASSERTIONS = NO;
				ENABLE_STRICT_OBJC_MSGSEND = YES;
				GCC_C_LANGUAGE_STANDARD = gnu99;
				GCC_NO_COMMON_BLOCKS = YES;
				GCC_WARN_64_TO_32_BIT_CONVERSION = YES;
				GCC_WARN_ABOUT_RETURN_TYPE = YES_ERROR;
				GCC_WARN_UNDECLARED_SELECTOR = YES;
				GCC_WARN_UNINITIALIZED_AUTOS = YES_AGGRESSIVE;
				GCC_WARN_UNUSED_FUNCTION = YES;
				GCC_WARN_UNUSED_VARIABLE = YES;
				IPHONEOS_DEPLOYMENT_TARGET = 9.1;
				MTL_ENABLE_DEBUG_INFO = NO;
				SDKROOT = iphoneos;
				TARGETED_DEVICE_FAMILY = "1,2";
				VALIDATE_PRODUCT = YES;
			};
			name = Release;
		};
		CB6A9E2B1C02906E002BAE4E /* Debug */ = {
			isa = XCBuildConfiguration;
			buildSettings = {
				ASSETCATALOG_COMPILER_APPICON_NAME = AppIcon;
				INFOPLIST_FILE = Multiview/Info.plist;
				IPHONEOS_DEPLOYMENT_TARGET = 8.4;
				LD_RUNPATH_SEARCH_PATHS = "$(inherited) @executable_path/Frameworks";
				PRODUCT_BUNDLE_IDENTIFIER = CTD.Multiview;
				PRODUCT_NAME = "$(TARGET_NAME)";
			};
			name = Debug;
		};
		CB6A9E2C1C02906E002BAE4E /* Release */ = {
			isa = XCBuildConfiguration;
			buildSettings = {
				ASSETCATALOG_COMPILER_APPICON_NAME = AppIcon;
				INFOPLIST_FILE = Multiview/Info.plist;
				IPHONEOS_DEPLOYMENT_TARGET = 8.4;
				LD_RUNPATH_SEARCH_PATHS = "$(inherited) @executable_path/Frameworks";
				PRODUCT_BUNDLE_IDENTIFIER = CTD.Multiview;
				PRODUCT_NAME = "$(TARGET_NAME)";
			};
			name = Release;
		};
		CB6A9E2E1C02906E002BAE4E /* Debug */ = {
			isa = XCBuildConfiguration;
			buildSettings = {
				BUNDLE_LOADER = "$(TEST_HOST)";
				INFOPLIST_FILE = MultiviewTests/Info.plist;
				LD_RUNPATH_SEARCH_PATHS = "$(inherited) @executable_path/Frameworks @loader_path/Frameworks";
				PRODUCT_BUNDLE_IDENTIFIER = CTD.MultiviewTests;
				PRODUCT_NAME = "$(TARGET_NAME)";
				TEST_HOST = "$(BUILT_PRODUCTS_DIR)/Multiview.app/Multiview";
			};
			name = Debug;
		};
		CB6A9E2F1C02906E002BAE4E /* Release */ = {
			isa = XCBuildConfiguration;
			buildSettings = {
				BUNDLE_LOADER = "$(TEST_HOST)";
				INFOPLIST_FILE = MultiviewTests/Info.plist;
				LD_RUNPATH_SEARCH_PATHS = "$(inherited) @executable_path/Frameworks @loader_path/Frameworks";
				PRODUCT_BUNDLE_IDENTIFIER = CTD.MultiviewTests;
				PRODUCT_NAME = "$(TARGET_NAME)";
				TEST_HOST = "$(BUILT_PRODUCTS_DIR)/Multiview.app/Multiview";
			};
			name = Release;
		};
		CB6A9E311C02906E002BAE4E /* Debug */ = {
			isa = XCBuildConfiguration;
			buildSettings = {
				INFOPLIST_FILE = MultiviewUITests/Info.plist;
				LD_RUNPATH_SEARCH_PATHS = "$(inherited) @executable_path/Frameworks @loader_path/Frameworks";
				PRODUCT_BUNDLE_IDENTIFIER = CTD.MultiviewUITests;
				PRODUCT_NAME = "$(TARGET_NAME)";
				TEST_TARGET_NAME = Multiview;
				USES_XCTRUNNER = YES;
			};
			name = Debug;
		};
		CB6A9E321C02906E002BAE4E /* Release */ = {
			isa = XCBuildConfiguration;
			buildSettings = {
				INFOPLIST_FILE = MultiviewUITests/Info.plist;
				LD_RUNPATH_SEARCH_PATHS = "$(inherited) @executable_path/Frameworks @loader_path/Frameworks";
				PRODUCT_BUNDLE_IDENTIFIER = CTD.MultiviewUITests;
				PRODUCT_NAME = "$(TARGET_NAME)";
				TEST_TARGET_NAME = Multiview;
				USES_XCTRUNNER = YES;
			};
			name = Release;
		};
/* End XCBuildConfiguration section */

/* Begin XCConfigurationList section */
		CB6A9DFD1C02906E002BAE4E /* Build configuration list for PBXProject "Multiview" */ = {
			isa = XCConfigurationList;
			buildConfigurations = (
				CB6A9E281C02906E002BAE4E /* Debug */,
				CB6A9E291C02906E002BAE4E /* Release */,
			);
			defaultConfigurationIsVisible = 0;
			defaultConfigurationName = Release;
		};
		CB6A9E2A1C02906E002BAE4E /* Build configuration list for PBXNativeTarget "Multiview" */ = {
			isa = XCConfigurationList;
			buildConfigurations = (
				CB6A9E2B1C02906E002BAE4E /* Debug */,
				CB6A9E2C1C02906E002BAE4E /* Release */,
			);
			defaultConfigurationIsVisible = 0;
			defaultConfigurationName = Release;
		};
		CB6A9E2D1C02906E002BAE4E /* Build configuration list for PBXNativeTarget "MultiviewTests" */ = {
			isa = XCConfigurationList;
			buildConfigurations = (
				CB6A9E2E1C02906E002BAE4E /* Debug */,
				CB6A9E2F1C02906E002BAE4E /* Release */,
			);
			defaultConfigurationIsVisible = 0;
			defaultConfigurationName = Release;
		};
		CB6A9E301C02906E002BAE4E /* Build configuration list for PBXNativeTarget "MultiviewUITests" */ = {
			isa = XCConfigurationList;
			buildConfigurations = (
				CB6A9E311C02906E002BAE4E /* Debug */,
				CB6A9E321C02906E002BAE4E /* Release */,
			);
			defaultConfigurationIsVisible = 0;
			defaultConfigurationName = Release;
		};
/* End XCConfigurationList section */
	};
	rootObject = CB6A9DFA1C02906E002BAE4E /* Project object */;
}
